{
  "pins" : [
    {
      "identity" : "sdwebimage",
      "kind" : "remoteSourceControl",
      "location" : "https://github.com/SDWebImage/SDWebImage.git",
      "state" : {
        "revision" : "b729cc14f65e1412efc781a4cc46bd7f4720a3ae",
        "version" : "5.12.6"
      }
    },
    {
      "identity" : "sdwebimageswiftui",
      "kind" : "remoteSourceControl",
      "location" : "https://github.com/SDWebImage/SDWebImageSwiftUI",
      "state" : {
        "branch" : "master",
        "revision" : "336d3f6d3b53729c1f274bf6b75f4532ada116eb"
      }
    },
    {
      "identity" : "swiftui-image-viewer",
      "kind" : "remoteSourceControl",
      "location" : "https://github.com/Jake-Short/swiftui-image-viewer.git",
      "state" : {
        "revision" : "f61f298c0100c81dfb0c7908091e68aad12a892c",
        "version" : "2.3.1"
      }
    },
    {
      "identity" : "url-image",
      "kind" : "remoteSourceControl",
      "location" : "https://github.com/dmytro-anokhin/url-image.git",
      "state" : {
        "revision" : "ccab89ad1cedb04f25dd4df1776dd8c8583b914a",
        "version" : "2.2.5"
      }
    }
  ],
  "version" : 2
}
