{
  "originHash" : "3f7bccddd9f7a6da7c38f78f12dc05fb594b560bb42e698a68570a70f4650e54",
  "pins" : [
    {
      "identity" : "sdwebimage",
      "kind" : "remoteSourceControl",
      "location" : "https://github.com/SDWebImage/SDWebImage.git",
      "state" : {
        "revision" : "b729cc14f65e1412efc781a4cc46bd7f4720a3ae",
        "version" : "5.12.6"
      }
    },
    {
      "identity" : "sdwebimageswiftui",
      "kind" : "remoteSourceControl",
      "location" : "https://github.com/SDWebImage/SDWebImageSwiftUI",
      "state" : {
        "branch" : "master",
        "revision" : "336d3f6d3b53729c1f274bf6b75f4532ada116eb"
      }
    }
  ],
  "version" : 3
}
