// !$*UTF8*$!
{
	archiveVersion = 1;
	classes = {
	};
	objectVersion = 50;
	objects = {

/* Begin PBXBuildFile section */
		3590435A24017C63003FBBD4 /* AppDelegate.swift in Sources */ = {isa = PBXBuildFile; fileRef = 3590435924017C63003FBBD4 /* AppDelegate.swift */; };
		3590435C24017C63003FBBD4 /* SceneDelegate.swift in Sources */ = {isa = PBXBuildFile; fileRef = 3590435B24017C63003FBBD4 /* SceneDelegate.swift */; };
		3590435E24017C63003FBBD4 /* ContentView.swift in Sources */ = {isa = PBXBuildFile; fileRef = 3590435D24017C63003FBBD4 /* ContentView.swift */; };
		3590436024017C65003FBBD4 /* Assets.xcassets in Resources */ = {isa = PBXBuildFile; fileRef = 3590435F24017C65003FBBD4 /* Assets.xcassets */; };
		3590436324017C65003FBBD4 /* Preview Assets.xcassets in Resources */ = {isa = PBXBuildFile; fileRef = 3590436224017C65003FBBD4 /* Preview Assets.xcassets */; };
		3590436624017C65003FBBD4 /* LaunchScreen.storyboard in Resources */ = {isa = PBXBuildFile; fileRef = 3590436424017C65003FBBD4 /* LaunchScreen.storyboard */; };
		3590437124017C66003FBBD4 /* RudolstadtForiOSTests.swift in Sources */ = {isa = PBXBuildFile; fileRef = 3590437024017C66003FBBD4 /* RudolstadtForiOSTests.swift */; };
		3590437C24017C66003FBBD4 /* RudolstadtForiOSUITests.swift in Sources */ = {isa = PBXBuildFile; fileRef = 3590437B24017C66003FBBD4 /* RudolstadtForiOSUITests.swift */; };
/* End PBXBuildFile section */

/* Begin PBXContainerItemProxy section */
		3590436D24017C66003FBBD4 /* PBXContainerItemProxy */ = {
			isa = PBXContainerItemProxy;
			containerPortal = 3590434E24017C63003FBBD4 /* Project object */;
			proxyType = 1;
			remoteGlobalIDString = 3590435524017C63003FBBD4;
			remoteInfo = RudolstadtForiOS;
		};
		3590437824017C66003FBBD4 /* PBXContainerItemProxy */ = {
			isa = PBXContainerItemProxy;
			containerPortal = 3590434E24017C63003FBBD4 /* Project object */;
			proxyType = 1;
			remoteGlobalIDString = 3590435524017C63003FBBD4;
			remoteInfo = RudolstadtForiOS;
		};
/* End PBXContainerItemProxy section */

/* Begin PBXFileReference section */
		3590435624017C63003FBBD4 /* RudolstadtForiOS.app */ = {isa = PBXFileReference; explicitFileType = wrapper.application; includeInIndex = 0; path = RudolstadtForiOS.app; sourceTree = BUILT_PRODUCTS_DIR; };
		3590435924017C63003FBBD4 /* AppDelegate.swift */ = {isa = PBXFileReference; lastKnownFileType = sourcecode.swift; path = AppDelegate.swift; sourceTree = "<group>"; };
		3590435B24017C63003FBBD4 /* SceneDelegate.swift */ = {isa = PBXFileReference; lastKnownFileType = sourcecode.swift; path = SceneDelegate.swift; sourceTree = "<group>"; };
		3590435D24017C63003FBBD4 /* ContentView.swift */ = {isa = PBXFileReference; lastKnownFileType = sourcecode.swift; path = ContentView.swift; sourceTree = "<group>"; };
		3590435F24017C65003FBBD4 /* Assets.xcassets */ = {isa = PBXFileReference; lastKnownFileType = folder.assetcatalog; path = Assets.xcassets; sourceTree = "<group>"; };
		3590436224017C65003FBBD4 /* Preview Assets.xcassets */ = {isa = PBXFileReference; lastKnownFileType = folder.assetcatalog; path = "Preview Assets.xcassets"; sourceTree = "<group>"; };
		3590436524017C65003FBBD4 /* Base */ = {isa = PBXFileReference; lastKnownFileType = file.storyboard; name = Base; path = Base.lproj/LaunchScreen.storyboard; sourceTree = "<group>"; };
		3590436724017C65003FBBD4 /* Info.plist */ = {isa = PBXFileReference; lastKnownFileType = text.plist.xml; path = Info.plist; sourceTree = "<group>"; };
		3590436C24017C66003FBBD4 /* RudolstadtForiOSTests.xctest */ = {isa = PBXFileReference; explicitFileType = wrapper.cfbundle; includeInIndex = 0; path = RudolstadtForiOSTests.xctest; sourceTree = BUILT_PRODUCTS_DIR; };
		3590437024017C66003FBBD4 /* RudolstadtForiOSTests.swift */ = {isa = PBXFileReference; lastKnownFileType = sourcecode.swift; path = RudolstadtForiOSTests.swift; sourceTree = "<group>"; };
		3590437224017C66003FBBD4 /* Info.plist */ = {isa = PBXFileReference; lastKnownFileType = text.plist.xml; path = Info.plist; sourceTree = "<group>"; };
		3590437724017C66003FBBD4 /* RudolstadtForiOSUITests.xctest */ = {isa = PBXFileReference; explicitFileType = wrapper.cfbundle; includeInIndex = 0; path = RudolstadtForiOSUITests.xctest; sourceTree = BUILT_PRODUCTS_DIR; };
		3590437B24017C66003FBBD4 /* RudolstadtForiOSUITests.swift */ = {isa = PBXFileReference; lastKnownFileType = sourcecode.swift; path = RudolstadtForiOSUITests.swift; sourceTree = "<group>"; };
		3590437D24017C66003FBBD4 /* Info.plist */ = {isa = PBXFileReference; lastKnownFileType = text.plist.xml; path = Info.plist; sourceTree = "<group>"; };
/* End PBXFileReference section */

/* Begin PBXFrameworksBuildPhase section */
		3590435324017C63003FBBD4 /* Frameworks */ = {
			isa = PBXFrameworksBuildPhase;
			buildActionMask = 2147483647;
			files = (
			);
			runOnlyForDeploymentPostprocessing = 0;
		};
		3590436924017C66003FBBD4 /* Frameworks */ = {
			isa = PBXFrameworksBuildPhase;
			buildActionMask = 2147483647;
			files = (
			);
			runOnlyForDeploymentPostprocessing = 0;
		};
		3590437424017C66003FBBD4 /* Frameworks */ = {
			isa = PBXFrameworksBuildPhase;
			buildActionMask = 2147483647;
			files = (
			);
			runOnlyForDeploymentPostprocessing = 0;
		};
/* End PBXFrameworksBuildPhase section */

/* Begin PBXGroup section */
		3590434D24017C63003FBBD4 = {
			isa = PBXGroup;
			children = (
				3590435824017C63003FBBD4 /* RudolstadtForiOS */,
				3590436F24017C66003FBBD4 /* RudolstadtForiOSTests */,
				3590437A24017C66003FBBD4 /* RudolstadtForiOSUITests */,
				3590435724017C63003FBBD4 /* Products */,
			);
			sourceTree = "<group>";
		};
		3590435724017C63003FBBD4 /* Products */ = {
			isa = PBXGroup;
			children = (
				3590435624017C63003FBBD4 /* RudolstadtForiOS.app */,
				3590436C24017C66003FBBD4 /* RudolstadtForiOSTests.xctest */,
				3590437724017C66003FBBD4 /* RudolstadtForiOSUITests.xctest */,
			);
			name = Products;
			sourceTree = "<group>";
		};
		3590435824017C63003FBBD4 /* RudolstadtForiOS */ = {
			isa = PBXGroup;
			children = (
				3590435924017C63003FBBD4 /* AppDelegate.swift */,
				3590435B24017C63003FBBD4 /* SceneDelegate.swift */,
				3590435D24017C63003FBBD4 /* ContentView.swift */,
				3590435F24017C65003FBBD4 /* Assets.xcassets */,
				3590436424017C65003FBBD4 /* LaunchScreen.storyboard */,
				3590436724017C65003FBBD4 /* Info.plist */,
				3590436124017C65003FBBD4 /* Preview Content */,
			);
			path = RudolstadtForiOS;
			sourceTree = "<group>";
		};
		3590436124017C65003FBBD4 /* Preview Content */ = {
			isa = PBXGroup;
			children = (
				3590436224017C65003FBBD4 /* Preview Assets.xcassets */,
			);
			path = "Preview Content";
			sourceTree = "<group>";
		};
		3590436F24017C66003FBBD4 /* RudolstadtForiOSTests */ = {
			isa = PBXGroup;
			children = (
				3590437024017C66003FBBD4 /* RudolstadtForiOSTests.swift */,
				3590437224017C66003FBBD4 /* Info.plist */,
			);
			path = RudolstadtForiOSTests;
			sourceTree = "<group>";
		};
		3590437A24017C66003FBBD4 /* RudolstadtForiOSUITests */ = {
			isa = PBXGroup;
			children = (
				3590437B24017C66003FBBD4 /* RudolstadtForiOSUITests.swift */,
				3590437D24017C66003FBBD4 /* Info.plist */,
			);
			path = RudolstadtForiOSUITests;
			sourceTree = "<group>";
		};
/* End PBXGroup section */

/* Begin PBXNativeTarget section */
		3590435524017C63003FBBD4 /* RudolstadtForiOS */ = {
			isa = PBXNativeTarget;
			buildConfigurationList = 3590438024017C66003FBBD4 /* Build configuration list for PBXNativeTarget "RudolstadtForiOS" */;
			buildPhases = (
				3590435224017C63003FBBD4 /* Sources */,
				3590435324017C63003FBBD4 /* Frameworks */,
				3590435424017C63003FBBD4 /* Resources */,
			);
			buildRules = (
			);
			dependencies = (
			);
			name = RudolstadtForiOS;
			productName = RudolstadtForiOS;
			productReference = 3590435624017C63003FBBD4 /* RudolstadtForiOS.app */;
			productType = "com.apple.product-type.application";
		};
		3590436B24017C66003FBBD4 /* RudolstadtForiOSTests */ = {
			isa = PBXNativeTarget;
			buildConfigurationList = 3590438324017C66003FBBD4 /* Build configuration list for PBXNativeTarget "RudolstadtForiOSTests" */;
			buildPhases = (
				3590436824017C66003FBBD4 /* Sources */,
				3590436924017C66003FBBD4 /* Frameworks */,
				3590436A24017C66003FBBD4 /* Resources */,
			);
			buildRules = (
			);
			dependencies = (
				3590436E24017C66003FBBD4 /* PBXTargetDependency */,
			);
			name = RudolstadtForiOSTests;
			productName = RudolstadtForiOSTests;
			productReference = 3590436C24017C66003FBBD4 /* RudolstadtForiOSTests.xctest */;
			productType = "com.apple.product-type.bundle.unit-test";
		};
		3590437624017C66003FBBD4 /* RudolstadtForiOSUITests */ = {
			isa = PBXNativeTarget;
			buildConfigurationList = 3590438624017C66003FBBD4 /* Build configuration list for PBXNativeTarget "RudolstadtForiOSUITests" */;
			buildPhases = (
				3590437324017C66003FBBD4 /* Sources */,
				3590437424017C66003FBBD4 /* Frameworks */,
				3590437524017C66003FBBD4 /* Resources */,
			);
			buildRules = (
			);
			dependencies = (
				3590437924017C66003FBBD4 /* PBXTargetDependency */,
			);
			name = RudolstadtForiOSUITests;
			productName = RudolstadtForiOSUITests;
			productReference = 3590437724017C66003FBBD4 /* RudolstadtForiOSUITests.xctest */;
			productType = "com.apple.product-type.bundle.ui-testing";
		};
/* End PBXNativeTarget section */

/* Begin PBXProject section */
		3590434E24017C63003FBBD4 /* Project object */ = {
			isa = PBXProject;
			attributes = {
				LastSwiftUpdateCheck = 1130;
				LastUpgradeCheck = 1130;
				ORGANIZATIONNAME = "Leon Georgi";
				TargetAttributes = {
					3590435524017C63003FBBD4 = {
						CreatedOnToolsVersion = 11.3.1;
					};
					3590436B24017C66003FBBD4 = {
						CreatedOnToolsVersion = 11.3.1;
						TestTargetID = 3590435524017C63003FBBD4;
					};
					3590437624017C66003FBBD4 = {
						CreatedOnToolsVersion = 11.3.1;
						TestTargetID = 3590435524017C63003FBBD4;
					};
				};
			};
			buildConfigurationList = 3590435124017C63003FBBD4 /* Build configuration list for PBXProject "RudolstadtForiOS" */;
			compatibilityVersion = "Xcode 9.3";
			developmentRegion = en;
			hasScannedForEncodings = 0;
			knownRegions = (
				en,
				Base,
			);
			mainGroup = 3590434D24017C63003FBBD4;
			productRefGroup = 3590435724017C63003FBBD4 /* Products */;
			projectDirPath = "";
			projectRoot = "";
			targets = (
				3590435524017C63003FBBD4 /* RudolstadtForiOS */,
				3590436B24017C66003FBBD4 /* RudolstadtForiOSTests */,
				3590437624017C66003FBBD4 /* RudolstadtForiOSUITests */,
			);
		};
/* End PBXProject section */

/* Begin PBXResourcesBuildPhase section */
		3590435424017C63003FBBD4 /* Resources */ = {
			isa = PBXResourcesBuildPhase;
			buildActionMask = 2147483647;
			files = (
				3590436624017C65003FBBD4 /* LaunchScreen.storyboard in Resources */,
				3590436324017C65003FBBD4 /* Preview Assets.xcassets in Resources */,
				3590436024017C65003FBBD4 /* Assets.xcassets in Resources */,
			);
			runOnlyForDeploymentPostprocessing = 0;
		};
		3590436A24017C66003FBBD4 /* Resources */ = {
			isa = PBXResourcesBuildPhase;
			buildActionMask = 2147483647;
			files = (
			);
			runOnlyForDeploymentPostprocessing = 0;
		};
		3590437524017C66003FBBD4 /* Resources */ = {
			isa = PBXResourcesBuildPhase;
			buildActionMask = 2147483647;
			files = (
			);
			runOnlyForDeploymentPostprocessing = 0;
		};
/* End PBXResourcesBuildPhase section */

/* Begin PBXSourcesBuildPhase section */
		3590435224017C63003FBBD4 /* Sources */ = {
			isa = PBXSourcesBuildPhase;
			buildActionMask = 2147483647;
			files = (
				3590435A24017C63003FBBD4 /* AppDelegate.swift in Sources */,
				3590435C24017C63003FBBD4 /* SceneDelegate.swift in Sources */,
				3590435E24017C63003FBBD4 /* ContentView.swift in Sources */,
			);
			runOnlyForDeploymentPostprocessing = 0;
		};
		3590436824017C66003FBBD4 /* Sources */ = {
			isa = PBXSourcesBuildPhase;
			buildActionMask = 2147483647;
			files = (
				3590437124017C66003FBBD4 /* RudolstadtForiOSTests.swift in Sources */,
			);
			runOnlyForDeploymentPostprocessing = 0;
		};
		3590437324017C66003FBBD4 /* Sources */ = {
			isa = PBXSourcesBuildPhase;
			buildActionMask = 2147483647;
			files = (
				3590437C24017C66003FBBD4 /* RudolstadtForiOSUITests.swift in Sources */,
			);
			runOnlyForDeploymentPostprocessing = 0;
		};
/* End PBXSourcesBuildPhase section */

/* Begin PBXTargetDependency section */
		3590436E24017C66003FBBD4 /* PBXTargetDependency */ = {
			isa = PBXTargetDependency;
			target = 3590435524017C63003FBBD4 /* RudolstadtForiOS */;
			targetProxy = 3590436D24017C66003FBBD4 /* PBXContainerItemProxy */;
		};
		3590437924017C66003FBBD4 /* PBXTargetDependency */ = {
			isa = PBXTargetDependency;
			target = 3590435524017C63003FBBD4 /* RudolstadtForiOS */;
			targetProxy = 3590437824017C66003FBBD4 /* PBXContainerItemProxy */;
		};
/* End PBXTargetDependency section */

/* Begin PBXVariantGroup section */
		3590436424017C65003FBBD4 /* LaunchScreen.storyboard */ = {
			isa = PBXVariantGroup;
			children = (
				3590436524017C65003FBBD4 /* Base */,
			);
			name = LaunchScreen.storyboard;
			sourceTree = "<group>";
		};
/* End PBXVariantGroup section */

/* Begin XCBuildConfiguration section */
		3590437E24017C66003FBBD4 /* Debug */ = {
			isa = XCBuildConfiguration;
			buildSettings = {
				ALWAYS_SEARCH_USER_PATHS = NO;
				CLANG_ANALYZER_NONNULL = YES;
				CLANG_ANALYZER_NUMBER_OBJECT_CONVERSION = YES_AGGRESSIVE;
				CLANG_CXX_LANGUAGE_STANDARD = "gnu++14";
				CLANG_CXX_LIBRARY = "libc++";
				CLANG_ENABLE_MODULES = YES;
				CLANG_ENABLE_OBJC_ARC = YES;
				CLANG_ENABLE_OBJC_WEAK = YES;
				CLANG_WARN_BLOCK_CAPTURE_AUTORELEASING = YES;
				CLANG_WARN_BOOL_CONVERSION = YES;
				CLANG_WARN_COMMA = YES;
				CLANG_WARN_CONSTANT_CONVERSION = YES;
				CLANG_WARN_DEPRECATED_OBJC_IMPLEMENTATIONS = YES;
				CLANG_WARN_DIRECT_OBJC_ISA_USAGE = YES_ERROR;
				CLANG_WARN_DOCUMENTATION_COMMENTS = YES;
				CLANG_WARN_EMPTY_BODY = YES;
				CLANG_WARN_ENUM_CONVERSION = YES;
				CLANG_WARN_INFINITE_RECURSION = YES;
				CLANG_WARN_INT_CONVERSION = YES;
				CLANG_WARN_NON_LITERAL_NULL_CONVERSION = YES;
				CLANG_WARN_OBJC_IMPLICIT_RETAIN_SELF = YES;
				CLANG_WARN_OBJC_LITERAL_CONVERSION = YES;
				CLANG_WARN_OBJC_ROOT_CLASS = YES_ERROR;
				CLANG_WARN_RANGE_LOOP_ANALYSIS = YES;
				CLANG_WARN_STRICT_PROTOTYPES = YES;
				CLANG_WARN_SUSPICIOUS_MOVE = YES;
				CLANG_WARN_UNGUARDED_AVAILABILITY = YES_AGGRESSIVE;
				CLANG_WARN_UNREACHABLE_CODE = YES;
				CLANG_WARN__DUPLICATE_METHOD_MATCH = YES;
				COPY_PHASE_STRIP = NO;
				DEBUG_INFORMATION_FORMAT = dwarf;
				ENABLE_STRICT_OBJC_MSGSEND = YES;
				ENABLE_TESTABILITY = YES;
				GCC_C_LANGUAGE_STANDARD = gnu11;
				GCC_DYNAMIC_NO_PIC = NO;
				GCC_NO_COMMON_BLOCKS = YES;
				GCC_OPTIMIZATION_LEVEL = 0;
				GCC_PREPROCESSOR_DEFINITIONS = (
					"DEBUG=1",
					"$(inherited)",
				);
				GCC_WARN_64_TO_32_BIT_CONVERSION = YES;
				GCC_WARN_ABOUT_RETURN_TYPE = YES_ERROR;
				GCC_WARN_UNDECLARED_SELECTOR = YES;
				GCC_WARN_UNINITIALIZED_AUTOS = YES_AGGRESSIVE;
				GCC_WARN_UNUSED_FUNCTION = YES;
				GCC_WARN_UNUSED_VARIABLE = YES;
				IPHONEOS_DEPLOYMENT_TARGET = 13.2;
				MTL_ENABLE_DEBUG_INFO = INCLUDE_SOURCE;
				MTL_FAST_MATH = YES;
				ONLY_ACTIVE_ARCH = YES;
				SDKROOT = iphoneos;
				SWIFT_ACTIVE_COMPILATION_CONDITIONS = DEBUG;
				SWIFT_OPTIMIZATION_LEVEL = "-Onone";
			};
			name = Debug;
		};
		3590437F24017C66003FBBD4 /* Release */ = {
			isa = XCBuildConfiguration;
			buildSettings = {
				ALWAYS_SEARCH_USER_PATHS = NO;
				CLANG_ANALYZER_NONNULL = YES;
				CLANG_ANALYZER_NUMBER_OBJECT_CONVERSION = YES_AGGRESSIVE;
				CLANG_CXX_LANGUAGE_STANDARD = "gnu++14";
				CLANG_CXX_LIBRARY = "libc++";
				CLANG_ENABLE_MODULES = YES;
				CLANG_ENABLE_OBJC_ARC = YES;
				CLANG_ENABLE_OBJC_WEAK = YES;
				CLANG_WARN_BLOCK_CAPTURE_AUTORELEASING = YES;
				CLANG_WARN_BOOL_CONVERSION = YES;
				CLANG_WARN_COMMA = YES;
				CLANG_WARN_CONSTANT_CONVERSION = YES;
				CLANG_WARN_DEPRECATED_OBJC_IMPLEMENTATIONS = YES;
				CLANG_WARN_DIRECT_OBJC_ISA_USAGE = YES_ERROR;
				CLANG_WARN_DOCUMENTATION_COMMENTS = YES;
				CLANG_WARN_EMPTY_BODY = YES;
				CLANG_WARN_ENUM_CONVERSION = YES;
				CLANG_WARN_INFINITE_RECURSION = YES;
				CLANG_WARN_INT_CONVERSION = YES;
				CLANG_WARN_NON_LITERAL_NULL_CONVERSION = YES;
				CLANG_WARN_OBJC_IMPLICIT_RETAIN_SELF = YES;
				CLANG_WARN_OBJC_LITERAL_CONVERSION = YES;
				CLANG_WARN_OBJC_ROOT_CLASS = YES_ERROR;
				CLANG_WARN_RANGE_LOOP_ANALYSIS = YES;
				CLANG_WARN_STRICT_PROTOTYPES = YES;
				CLANG_WARN_SUSPICIOUS_MOVE = YES;
				CLANG_WARN_UNGUARDED_AVAILABILITY = YES_AGGRESSIVE;
				CLANG_WARN_UNREACHABLE_CODE = YES;
				CLANG_WARN__DUPLICATE_METHOD_MATCH = YES;
				COPY_PHASE_STRIP = NO;
				DEBUG_INFORMATION_FORMAT = "dwarf-with-dsym";
				ENABLE_NS_ASSERTIONS = NO;
				ENABLE_STRICT_OBJC_MSGSEND = YES;
				GCC_C_LANGUAGE_STANDARD = gnu11;
				GCC_NO_COMMON_BLOCKS = YES;
				GCC_WARN_64_TO_32_BIT_CONVERSION = YES;
				GCC_WARN_ABOUT_RETURN_TYPE = YES_ERROR;
				GCC_WARN_UNDECLARED_SELECTOR = YES;
				GCC_WARN_UNINITIALIZED_AUTOS = YES_AGGRESSIVE;
				GCC_WARN_UNUSED_FUNCTION = YES;
				GCC_WARN_UNUSED_VARIABLE = YES;
				IPHONEOS_DEPLOYMENT_TARGET = 13.2;
				MTL_ENABLE_DEBUG_INFO = NO;
				MTL_FAST_MATH = YES;
				SDKROOT = iphoneos;
				SWIFT_COMPILATION_MODE = wholemodule;
				SWIFT_OPTIMIZATION_LEVEL = "-O";
				VALIDATE_PRODUCT = YES;
			};
			name = Release;
		};
		3590438124017C66003FBBD4 /* Debug */ = {
			isa = XCBuildConfiguration;
			buildSettings = {
				ASSETCATALOG_COMPILER_APPICON_NAME = AppIcon;
				CODE_SIGN_STYLE = Automatic;
				DEVELOPMENT_ASSET_PATHS = "\"RudolstadtForiOS/Preview Content\"";
				DEVELOPMENT_TEAM = RJYK9W2A39;
				ENABLE_PREVIEWS = YES;
				INFOPLIST_FILE = RudolstadtForiOS/Info.plist;
				LD_RUNPATH_SEARCH_PATHS = (
					"$(inherited)",
					"@executable_path/Frameworks",
				);
				PRODUCT_BUNDLE_IDENTIFIER = de.leongeorgi.RudolstadtForiOS;
				PRODUCT_NAME = "$(TARGET_NAME)";
				SWIFT_VERSION = 5.0;
				TARGETED_DEVICE_FAMILY = "1,2";
			};
			name = Debug;
		};
		3590438224017C66003FBBD4 /* Release */ = {
			isa = XCBuildConfiguration;
			buildSettings = {
				ASSETCATALOG_COMPILER_APPICON_NAME = AppIcon;
				CODE_SIGN_STYLE = Automatic;
				DEVELOPMENT_ASSET_PATHS = "\"RudolstadtForiOS/Preview Content\"";
				DEVELOPMENT_TEAM = RJYK9W2A39;
				ENABLE_PREVIEWS = YES;
				INFOPLIST_FILE = RudolstadtForiOS/Info.plist;
				LD_RUNPATH_SEARCH_PATHS = (
					"$(inherited)",
					"@executable_path/Frameworks",
				);
				PRODUCT_BUNDLE_IDENTIFIER = de.leongeorgi.RudolstadtForiOS;
				PRODUCT_NAME = "$(TARGET_NAME)";
				SWIFT_VERSION = 5.0;
				TARGETED_DEVICE_FAMILY = "1,2";
			};
			name = Release;
		};
		3590438424017C66003FBBD4 /* Debug */ = {
			isa = XCBuildConfiguration;
			buildSettings = {
				ALWAYS_EMBED_SWIFT_STANDARD_LIBRARIES = YES;
				BUNDLE_LOADER = "$(TEST_HOST)";
				CODE_SIGN_STYLE = Automatic;
				DEVELOPMENT_TEAM = RJYK9W2A39;
				INFOPLIST_FILE = RudolstadtForiOSTests/Info.plist;
				IPHONEOS_DEPLOYMENT_TARGET = 13.2;
				LD_RUNPATH_SEARCH_PATHS = (
					"$(inherited)",
					"@executable_path/Frameworks",
					"@loader_path/Frameworks",
				);
				PRODUCT_BUNDLE_IDENTIFIER = de.leongeorgi.RudolstadtForiOSTests;
				PRODUCT_NAME = "$(TARGET_NAME)";
				SWIFT_VERSION = 5.0;
				TARGETED_DEVICE_FAMILY = "1,2";
				TEST_HOST = "$(BUILT_PRODUCTS_DIR)/RudolstadtForiOS.app/RudolstadtForiOS";
			};
			name = Debug;
		};
		3590438524017C66003FBBD4 /* Release */ = {
			isa = XCBuildConfiguration;
			buildSettings = {
				ALWAYS_EMBED_SWIFT_STANDARD_LIBRARIES = YES;
				BUNDLE_LOADER = "$(TEST_HOST)";
				CODE_SIGN_STYLE = Automatic;
				DEVELOPMENT_TEAM = RJYK9W2A39;
				INFOPLIST_FILE = RudolstadtForiOSTests/Info.plist;
				IPHONEOS_DEPLOYMENT_TARGET = 13.2;
				LD_RUNPATH_SEARCH_PATHS = (
					"$(inherited)",
					"@executable_path/Frameworks",
					"@loader_path/Frameworks",
				);
				PRODUCT_BUNDLE_IDENTIFIER = de.leongeorgi.RudolstadtForiOSTests;
				PRODUCT_NAME = "$(TARGET_NAME)";
				SWIFT_VERSION = 5.0;
				TARGETED_DEVICE_FAMILY = "1,2";
				TEST_HOST = "$(BUILT_PRODUCTS_DIR)/RudolstadtForiOS.app/RudolstadtForiOS";
			};
			name = Release;
		};
		3590438724017C66003FBBD4 /* Debug */ = {
			isa = XCBuildConfiguration;
			buildSettings = {
				ALWAYS_EMBED_SWIFT_STANDARD_LIBRARIES = YES;
				CODE_SIGN_STYLE = Automatic;
				DEVELOPMENT_TEAM = RJYK9W2A39;
				INFOPLIST_FILE = RudolstadtForiOSUITests/Info.plist;
				LD_RUNPATH_SEARCH_PATHS = (
					"$(inherited)",
					"@executable_path/Frameworks",
					"@loader_path/Frameworks",
				);
				PRODUCT_BUNDLE_IDENTIFIER = de.leongeorgi.RudolstadtForiOSUITests;
				PRODUCT_NAME = "$(TARGET_NAME)";
				SWIFT_VERSION = 5.0;
				TARGETED_DEVICE_FAMILY = "1,2";
				TEST_TARGET_NAME = RudolstadtForiOS;
			};
			name = Debug;
		};
		3590438824017C66003FBBD4 /* Release */ = {
			isa = XCBuildConfiguration;
			buildSettings = {
				ALWAYS_EMBED_SWIFT_STANDARD_LIBRARIES = YES;
				CODE_SIGN_STYLE = Automatic;
				DEVELOPMENT_TEAM = RJYK9W2A39;
				INFOPLIST_FILE = RudolstadtForiOSUITests/Info.plist;
				LD_RUNPATH_SEARCH_PATHS = (
					"$(inherited)",
					"@executable_path/Frameworks",
					"@loader_path/Frameworks",
				);
				PRODUCT_BUNDLE_IDENTIFIER = de.leongeorgi.RudolstadtForiOSUITests;
				PRODUCT_NAME = "$(TARGET_NAME)";
				SWIFT_VERSION = 5.0;
				TARGETED_DEVICE_FAMILY = "1,2";
				TEST_TARGET_NAME = RudolstadtForiOS;
			};
			name = Release;
		};
/* End XCBuildConfiguration section */

/* Begin XCConfigurationList section */
		3590435124017C63003FBBD4 /* Build configuration list for PBXProject "RudolstadtForiOS" */ = {
			isa = XCConfigurationList;
			buildConfigurations = (
				3590437E24017C66003FBBD4 /* Debug */,
				3590437F24017C66003FBBD4 /* Release */,
			);
			defaultConfigurationIsVisible = 0;
			defaultConfigurationName = Release;
		};
		3590438024017C66003FBBD4 /* Build configuration list for PBXNativeTarget "RudolstadtForiOS" */ = {
			isa = XCConfigurationList;
			buildConfigurations = (
				3590438124017C66003FBBD4 /* Debug */,
				3590438224017C66003FBBD4 /* Release */,
			);
			defaultConfigurationIsVisible = 0;
			defaultConfigurationName = Release;
		};
		3590438324017C66003FBBD4 /* Build configuration list for PBXNativeTarget "RudolstadtForiOSTests" */ = {
			isa = XCConfigurationList;
			buildConfigurations = (
				3590438424017C66003FBBD4 /* Debug */,
				3590438524017C66003FBBD4 /* Release */,
			);
			defaultConfigurationIsVisible = 0;
			defaultConfigurationName = Release;
		};
		3590438624017C66003FBBD4 /* Build configuration list for PBXNativeTarget "RudolstadtForiOSUITests" */ = {
			isa = XCConfigurationList;
			buildConfigurations = (
				3590438724017C66003FBBD4 /* Debug */,
				3590438824017C66003FBBD4 /* Release */,
			);
			defaultConfigurationIsVisible = 0;
			defaultConfigurationName = Release;
		};
/* End XCConfigurationList section */
	};
	rootObject = 3590434E24017C63003FBBD4 /* Project object */;
}
