// !$*UTF8*$!
{
	archiveVersion = 1;
	classes = {
	};
	objectVersion = 55;
	objects = {

/* Begin PBXBuildFile section */
		32A11008167D61F884FC47D3 /* Localizable.strings in Resources */ = {isa = PBXBuildFile; fileRef = 32A112FBB6E762F9793E8E60 /* Localizable.strings */; };
		32A11020A4D401D0A4CCEEA8 /* SavedArtistOverview.swift in Sources */ = {isa = PBXBuildFile; fileRef = 32A11A861D3FD3784C9516BB /* SavedArtistOverview.swift */; };
		32A110C0A5FA7EA77076DEA5 /* ScheduleEventCell.swift in Sources */ = {isa = PBXBuildFile; fileRef = 32A115F47BCFC96F1A0F8673 /* ScheduleEventCell.swift */; };
		32A11109B3E2EF29D23B96E8 /* ArtistImageView.swift in Sources */ = {isa = PBXBuildFile; fileRef = 32A1157496D310116DCD5206 /* ArtistImageView.swift */; };
		32A1111CA4E03E0903D86E29 /* ArtistCell.swift in Sources */ = {isa = PBXBuildFile; fileRef = 32A1107C6295E7BA267D0F71 /* ArtistCell.swift */; };
		32A1116B6BA8D17499860263 /* SaveEventButton.swift in Sources */ = {isa = PBXBuildFile; fileRef = 32A1136EDC420F6A3EAE3479 /* SaveEventButton.swift */; };
		32A111B567F87F1627C561FF /* StageNumber.swift in Sources */ = {isa = PBXBuildFile; fileRef = 32A11BD8767914773C96A46B /* StageNumber.swift */; };
		32A111D06B3F187ED5308393 /* Util.swift in Sources */ = {isa = PBXBuildFile; fileRef = 32A1194705F0DC9D18C2B09B /* Util.swift */; };
		32A111D43D702F38C6382630 /* LocationListView.swift in Sources */ = {isa = PBXBuildFile; fileRef = 32A11302171E3C741D1E762D /* LocationListView.swift */; };
		32A111E0096A7F39D7ECB1AF /* StageCell.swift in Sources */ = {isa = PBXBuildFile; fileRef = 32A1161ADFDC7FFC2CE970F5 /* StageCell.swift */; };
		32A112012E7A4F3618FABCD5 /* SearchView.swift in Sources */ = {isa = PBXBuildFile; fileRef = 32A11EE61A0F587230C02DF2 /* SearchView.swift */; };
		32A112281C396A44DF12BBB1 /* UserSettings.swift in Sources */ = {isa = PBXBuildFile; fileRef = 32A11FCEFCBC49CBBBDC6968 /* UserSettings.swift */; };
		32A11235CEB1CB61653B3149 /* Localizable.strings in Resources */ = {isa = PBXBuildFile; fileRef = 32A113DC3088B0ED88072ADF /* Localizable.strings */; };
		32A1124D763E48A6BCCDDA79 /* LoadingListView.swift in Sources */ = {isa = PBXBuildFile; fileRef = 32A11760C2446A479758E817 /* LoadingListView.swift */; };
		32A1128745664A1934AD6E63 /* NewsItemCell.swift in Sources */ = {isa = PBXBuildFile; fileRef = 32A11FA9E53D32EB6D58A19E /* NewsItemCell.swift */; };
		32A112A1CF3EDC6BC9BECDE4 /* ScheduleView.swift in Sources */ = {isa = PBXBuildFile; fileRef = 32A11314CA54C51CF1BFDF9D /* ScheduleView.swift */; };
		32A112B24A555BB9F43659A1 /* RatingSymbol.swift in Sources */ = {isa = PBXBuildFile; fileRef = 32A11C3491E3EF12BFE1CC75 /* RatingSymbol.swift */; };
		32A112BC323E026BE8507F8E /* ArtistListView.swift in Sources */ = {isa = PBXBuildFile; fileRef = 32A118FFA2F41B67DECD8B61 /* ArtistListView.swift */; };
		32A1135BAD899B0CF291CD6D /* StageProgramEventCell.swift in Sources */ = {isa = PBXBuildFile; fileRef = 32A1110D3D7D56EA7EA6AF0B /* StageProgramEventCell.swift */; };
		32A1138E193F6CB4137516BE /* TimeProgramEventCell.swift in Sources */ = {isa = PBXBuildFile; fileRef = 32A11A53C0B10E0676C445ED /* TimeProgramEventCell.swift */; };
		32A113D5D8EE2EBA383BC6EA /* ProgramItemText.swift in Sources */ = {isa = PBXBuildFile; fileRef = 32A116351440B8AD1B03F8FE /* ProgramItemText.swift */; };
		32A114CF01BEBF851BA275B6 /* LoadingListView.swift in Sources */ = {isa = PBXBuildFile; fileRef = 32A11760C2446A479758E817 /* LoadingListView.swift */; };
		32A114D5C53D71E50A745B7C /* ScheduleEventCell.swift in Sources */ = {isa = PBXBuildFile; fileRef = 32A115F47BCFC96F1A0F8673 /* ScheduleEventCell.swift */; };
		32A115136B1411327F87FCFF /* DataLoader.swift in Sources */ = {isa = PBXBuildFile; fileRef = 32A113E8EF0720699AAD91D0 /* DataLoader.swift */; };
		32A115480EF0AF9794B76632 /* Localizable.strings in Resources */ = {isa = PBXBuildFile; fileRef = 32A113DC3088B0ED88072ADF /* Localizable.strings */; };
		32A1154AA5EEABD041A176C7 /* ProgramView.swift in Sources */ = {isa = PBXBuildFile; fileRef = 32A1124C6423229E27A0F0B5 /* ProgramView.swift */; };
		32A11561A68DE3A255681965 /* LocationListView.swift in Sources */ = {isa = PBXBuildFile; fileRef = 32A11302171E3C741D1E762D /* LocationListView.swift */; };
		32A115A10353E19E13E5F510 /* ArtistEventCell.swift in Sources */ = {isa = PBXBuildFile; fileRef = 32A11EB2094A0029C6472DB7 /* ArtistEventCell.swift */; };
		32A115A10E8AE4441C178095 /* ArtistCell.swift in Sources */ = {isa = PBXBuildFile; fileRef = 32A1107C6295E7BA267D0F71 /* ArtistCell.swift */; };
		32A1162709A0F6212A6C84D7 /* TimeProgramView.swift in Sources */ = {isa = PBXBuildFile; fileRef = 32A1115828015AC5C612989A /* TimeProgramView.swift */; };
		32A116285B893A6CED1CAB9D /* ArtistRatingSymbol.swift in Sources */ = {isa = PBXBuildFile; fileRef = 32A111877F55C961A8ED2F89 /* ArtistRatingSymbol.swift */; };
		32A1167A2316AC01B157FD8E /* ScheduleView.swift in Sources */ = {isa = PBXBuildFile; fileRef = 32A11314CA54C51CF1BFDF9D /* ScheduleView.swift */; };
		32A1167A2BFBD49E2160B672 /* ArtistDetailView.swift in Sources */ = {isa = PBXBuildFile; fileRef = 32A11CB9E490D35A061D5106 /* ArtistDetailView.swift */; };
		32A116961BFEAF82D52B6574 /* MoreView.swift in Sources */ = {isa = PBXBuildFile; fileRef = 32A11EABD81D0BA97B963376 /* MoreView.swift */; };
		32A116A1195BBB5DB20404C1 /* RatingSymbol.swift in Sources */ = {isa = PBXBuildFile; fileRef = 32A11C3491E3EF12BFE1CC75 /* RatingSymbol.swift */; };
		32A116A708F55334C83246C6 /* ArtistDetailView.swift in Sources */ = {isa = PBXBuildFile; fileRef = 32A11CB9E490D35A061D5106 /* ArtistDetailView.swift */; };
		32A116BE192EE63EA4089774 /* ScheduleGenerator2.swift in Sources */ = {isa = PBXBuildFile; fileRef = 32A11D4B68D9C986BBCB747A /* ScheduleGenerator2.swift */; };
		32A116CE36970F9B88DC2055 /* ProgramView.swift in Sources */ = {isa = PBXBuildFile; fileRef = 32A1124C6423229E27A0F0B5 /* ProgramView.swift */; };
		32A116DBBEBAB380329768B0 /* ArtistListView.swift in Sources */ = {isa = PBXBuildFile; fileRef = 32A118FFA2F41B67DECD8B61 /* ArtistListView.swift */; };
		32A11735ED66446817C485FB /* SavedArtistEventCell.swift in Sources */ = {isa = PBXBuildFile; fileRef = 32A11D55D7F4788FE4AEC1A1 /* SavedArtistEventCell.swift */; };
		32A1173EE6141DB87056E57E /* StageEventCell.swift in Sources */ = {isa = PBXBuildFile; fileRef = 32A11E3751FD81FE837E074B /* StageEventCell.swift */; };
		32A1176978B8CDBD08C500CF /* StageMapView.swift in Sources */ = {isa = PBXBuildFile; fileRef = 32A11B0EB895F91CC56EB642 /* StageMapView.swift */; };
		32A1179C06896C80A8873E41 /* TimeProgramView.swift in Sources */ = {isa = PBXBuildFile; fileRef = 32A1115828015AC5C612989A /* TimeProgramView.swift */; };
		32A117A7C3A3672735519404 /* StageProgramView.swift in Sources */ = {isa = PBXBuildFile; fileRef = 32A118FC2F29A19FA8A3CE8E /* StageProgramView.swift */; };
		32A1180E9DB81C4FE3A98D86 /* ProgramItemText.swift in Sources */ = {isa = PBXBuildFile; fileRef = 32A116351440B8AD1B03F8FE /* ProgramItemText.swift */; };
		32A118717C7FB0F1F9082736 /* NewsListView.swift in Sources */ = {isa = PBXBuildFile; fileRef = 32A117348D2BF00F51BF852E /* NewsListView.swift */; };
		32A118A07CA6F813F4380570 /* Util.swift in Sources */ = {isa = PBXBuildFile; fileRef = 32A1194705F0DC9D18C2B09B /* Util.swift */; };
		32A118F15EE900F7D1D916E5 /* ArtistRatingSymbol.swift in Sources */ = {isa = PBXBuildFile; fileRef = 32A111877F55C961A8ED2F89 /* ArtistRatingSymbol.swift */; };
		32A118F591BEFA94561F779F /* SearchEventCell.swift in Sources */ = {isa = PBXBuildFile; fileRef = 32A11D77C8691B9548642BE0 /* SearchEventCell.swift */; };
		32A1190D2BC1583EA5BCD4F4 /* SaveEventButton.swift in Sources */ = {isa = PBXBuildFile; fileRef = 32A1136EDC420F6A3EAE3479 /* SaveEventButton.swift */; };
		32A11972C4FB13538E57CF7C /* SavedArtistOverview.swift in Sources */ = {isa = PBXBuildFile; fileRef = 32A11A861D3FD3784C9516BB /* SavedArtistOverview.swift */; };
		32A11996DE25FE370DEA062A /* SavedArtistProgramView.swift in Sources */ = {isa = PBXBuildFile; fileRef = 32A110A03818C0FCA81E788F /* SavedArtistProgramView.swift */; };
		32A1199EB080E7865A284792 /* StageMapView.swift in Sources */ = {isa = PBXBuildFile; fileRef = 32A11B0EB895F91CC56EB642 /* StageMapView.swift */; };
		32A119A48263FCE5D5B77FE0 /* SavedArtistEventCell.swift in Sources */ = {isa = PBXBuildFile; fileRef = 32A11D55D7F4788FE4AEC1A1 /* SavedArtistEventCell.swift */; };
		32A119B72F0FE2BE1FCF50FB /* ScheduleGenerator2.swift in Sources */ = {isa = PBXBuildFile; fileRef = 32A11D4B68D9C986BBCB747A /* ScheduleGenerator2.swift */; };
		32A11A2277ABC1B74840F05C /* TimeProgramEventCell.swift in Sources */ = {isa = PBXBuildFile; fileRef = 32A11A53C0B10E0676C445ED /* TimeProgramEventCell.swift */; };
		32A11A3783E29222781B3C80 /* SearchView.swift in Sources */ = {isa = PBXBuildFile; fileRef = 32A11EE61A0F587230C02DF2 /* SearchView.swift */; };
		32A11A5EB7B117FBF994E013 /* RecommendationScheduleView.swift in Sources */ = {isa = PBXBuildFile; fileRef = 32A11CEB953B4C22997546BF /* RecommendationScheduleView.swift */; };
		32A11ACDDD0BA72386A7E319 /* Localizable.strings in Resources */ = {isa = PBXBuildFile; fileRef = 32A112FBB6E762F9793E8E60 /* Localizable.strings */; };
		32A11AF99C04FACE809D32A0 /* ArtistTypeFilterView.swift in Sources */ = {isa = PBXBuildFile; fileRef = 32A11D4A2C31A990A10DB370 /* ArtistTypeFilterView.swift */; };
		32A11AFF963551622C6A48B9 /* ArtistTypeFilterView.swift in Sources */ = {isa = PBXBuildFile; fileRef = 32A11D4A2C31A990A10DB370 /* ArtistTypeFilterView.swift */; };
		32A11B9A32216878027CEFAD /* DataUpdater.swift in Sources */ = {isa = PBXBuildFile; fileRef = 32A117A0FDF5C04B31439439 /* DataUpdater.swift */; };
		32A11BA62FC30F92BA9668FA /* UserSettings.swift in Sources */ = {isa = PBXBuildFile; fileRef = 32A11FCEFCBC49CBBBDC6968 /* UserSettings.swift */; };
		32A11BFC2B1C136F583BFE9E /* StageNumber.swift in Sources */ = {isa = PBXBuildFile; fileRef = 32A11BD8767914773C96A46B /* StageNumber.swift */; };
		32A11C422B2F012460218204 /* RecommendationScheduleView.swift in Sources */ = {isa = PBXBuildFile; fileRef = 32A11CEB953B4C22997546BF /* RecommendationScheduleView.swift */; };
		32A11C4891712FA79641C202 /* StageDetailView.swift in Sources */ = {isa = PBXBuildFile; fileRef = 32A118737B48B6BA52141F0D /* StageDetailView.swift */; };
		32A11CAA37CE0922C9F393D7 /* StageProgramEventCell.swift in Sources */ = {isa = PBXBuildFile; fileRef = 32A1110D3D7D56EA7EA6AF0B /* StageProgramEventCell.swift */; };
		32A11D09A42D86B69106B718 /* NewsItemDetailView.swift in Sources */ = {isa = PBXBuildFile; fileRef = 32A11D8DFB14F08269BDAB8F /* NewsItemDetailView.swift */; };
		32A11D329BA4FD3EA5C0EEFE /* SavedArtistListView.swift in Sources */ = {isa = PBXBuildFile; fileRef = 32A1169961DC1D81F2C85CD8 /* SavedArtistListView.swift */; };
		32A11D40C4020FBB887E8FBD /* ImageUrlUtil.swift in Sources */ = {isa = PBXBuildFile; fileRef = 32A1103D160E868E6BF7EC72 /* ImageUrlUtil.swift */; };
		32A11D471C05E7D81DC6B78D /* ArtistImageView.swift in Sources */ = {isa = PBXBuildFile; fileRef = 32A1157496D310116DCD5206 /* ArtistImageView.swift */; };
		32A11DF1A47E2B6156D38E77 /* NewsListView.swift in Sources */ = {isa = PBXBuildFile; fileRef = 32A117348D2BF00F51BF852E /* NewsListView.swift */; };
		32A11E0F267218268A064263 /* StageCell.swift in Sources */ = {isa = PBXBuildFile; fileRef = 32A1161ADFDC7FFC2CE970F5 /* StageCell.swift */; };
		32A11E3C9F5A90975595BE0E /* SearchEventCell.swift in Sources */ = {isa = PBXBuildFile; fileRef = 32A11D77C8691B9548642BE0 /* SearchEventCell.swift */; };
		32A11E6DA66C383089064DD4 /* ArtistEventCell.swift in Sources */ = {isa = PBXBuildFile; fileRef = 32A11EB2094A0029C6472DB7 /* ArtistEventCell.swift */; };
		32A11E9B874719DD76F77CD0 /* StageDetailView.swift in Sources */ = {isa = PBXBuildFile; fileRef = 32A118737B48B6BA52141F0D /* StageDetailView.swift */; };
		32A11EB5EC53FC5A4C48B3D8 /* NewsItemDetailView.swift in Sources */ = {isa = PBXBuildFile; fileRef = 32A11D8DFB14F08269BDAB8F /* NewsItemDetailView.swift */; };
		32A11EE152A9E52253F8A2D3 /* StageProgramView.swift in Sources */ = {isa = PBXBuildFile; fileRef = 32A118FC2F29A19FA8A3CE8E /* StageProgramView.swift */; };
		32A11EF0FC00667B09CA5D0A /* StageEventCell.swift in Sources */ = {isa = PBXBuildFile; fileRef = 32A11E3751FD81FE837E074B /* StageEventCell.swift */; };
		32A11F0F0EA9274C1B81D700 /* SavedArtistProgramView.swift in Sources */ = {isa = PBXBuildFile; fileRef = 32A110A03818C0FCA81E788F /* SavedArtistProgramView.swift */; };
		32A11F1703B29A8DBE6E672B /* MoreView.swift in Sources */ = {isa = PBXBuildFile; fileRef = 32A11EABD81D0BA97B963376 /* MoreView.swift */; };
		32A11F2390384051C89FAB56 /* NewsItemCell.swift in Sources */ = {isa = PBXBuildFile; fileRef = 32A11FA9E53D32EB6D58A19E /* NewsItemCell.swift */; };
		32A11F5F8F264F1EAB5EE07E /* ImageUrlUtil.swift in Sources */ = {isa = PBXBuildFile; fileRef = 32A1103D160E868E6BF7EC72 /* ImageUrlUtil.swift */; };
		32A11F71D8849BEB960E410C /* DataLoader.swift in Sources */ = {isa = PBXBuildFile; fileRef = 32A113E8EF0720699AAD91D0 /* DataLoader.swift */; };
		32A11FE0801D8775F4F7E55D /* SavedArtistListView.swift in Sources */ = {isa = PBXBuildFile; fileRef = 32A1169961DC1D81F2C85CD8 /* SavedArtistListView.swift */; };
		35028CC42805BEA6004F0E3F /* HelperTypes.swift in Sources */ = {isa = PBXBuildFile; fileRef = 35028CC32805BEA6004F0E3F /* HelperTypes.swift */; };
		3505732528547CE0008932A9 /* ParkAndRideView.swift in Sources */ = {isa = PBXBuildFile; fileRef = 3505732428547CE0008932A9 /* ParkAndRideView.swift */; };
		3505732628547CE0008932A9 /* ParkAndRideView.swift in Sources */ = {isa = PBXBuildFile; fileRef = 3505732428547CE0008932A9 /* ParkAndRideView.swift */; };
		3505732828549B81008932A9 /* WebView.swift in Sources */ = {isa = PBXBuildFile; fileRef = 3505732728549B81008932A9 /* WebView.swift */; };
		3505732928549B81008932A9 /* WebView.swift in Sources */ = {isa = PBXBuildFile; fileRef = 3505732728549B81008932A9 /* WebView.swift */; };
		3505732B28549BF8008932A9 /* BusView.swift in Sources */ = {isa = PBXBuildFile; fileRef = 3505732A28549BF8008932A9 /* BusView.swift */; };
		3505732C28549BF8008932A9 /* BusView.swift in Sources */ = {isa = PBXBuildFile; fileRef = 3505732A28549BF8008932A9 /* BusView.swift */; };
		3505732E2854A794008932A9 /* GeneralView.swift in Sources */ = {isa = PBXBuildFile; fileRef = 3505732D2854A794008932A9 /* GeneralView.swift */; };
		3505732F2854A794008932A9 /* GeneralView.swift in Sources */ = {isa = PBXBuildFile; fileRef = 3505732D2854A794008932A9 /* GeneralView.swift */; };
		350573312854F59B008932A9 /* FAQView.swift in Sources */ = {isa = PBXBuildFile; fileRef = 350573302854F59B008932A9 /* FAQView.swift */; };
		350573322854F59B008932A9 /* FAQView.swift in Sources */ = {isa = PBXBuildFile; fileRef = 350573302854F59B008932A9 /* FAQView.swift */; };
		350573342854F73C008932A9 /* AboutView.swift in Sources */ = {isa = PBXBuildFile; fileRef = 350573332854F73C008932A9 /* AboutView.swift */; };
		350573352854F73C008932A9 /* AboutView.swift in Sources */ = {isa = PBXBuildFile; fileRef = 350573332854F73C008932A9 /* AboutView.swift */; };
		350573372854FA4C008932A9 /* EventSavedIcon.swift in Sources */ = {isa = PBXBuildFile; fileRef = 350573362854FA4C008932A9 /* EventSavedIcon.swift */; };
		350573382854FA4C008932A9 /* EventSavedIcon.swift in Sources */ = {isa = PBXBuildFile; fileRef = 350573362854FA4C008932A9 /* EventSavedIcon.swift */; };
		3505733A2855B2C3008932A9 /* ContextCopyButton.swift in Sources */ = {isa = PBXBuildFile; fileRef = 350573392855B2C3008932A9 /* ContextCopyButton.swift */; };
		3505733B2855B2C3008932A9 /* ContextCopyButton.swift in Sources */ = {isa = PBXBuildFile; fileRef = 350573392855B2C3008932A9 /* ContextCopyButton.swift */; };
		3505733D2855BAF1008932A9 /* ProgramEntry.swift in Sources */ = {isa = PBXBuildFile; fileRef = 3505733C2855BAF1008932A9 /* ProgramEntry.swift */; };
		3505733E2855BAF1008932A9 /* ProgramEntry.swift in Sources */ = {isa = PBXBuildFile; fileRef = 3505733C2855BAF1008932A9 /* ProgramEntry.swift */; };
		350573402855D45B008932A9 /* NextView.swift in Sources */ = {isa = PBXBuildFile; fileRef = 3505733F2855D45B008932A9 /* NextView.swift */; };
		350573412855D45B008932A9 /* NextView.swift in Sources */ = {isa = PBXBuildFile; fileRef = 3505733F2855D45B008932A9 /* NextView.swift */; };
		350573452857E9BE008932A9 /* MapOverview.swift in Sources */ = {isa = PBXBuildFile; fileRef = 350573442857E9BE008932A9 /* MapOverview.swift */; };
		350573472857F312008932A9 /* MapView.swift in Sources */ = {isa = PBXBuildFile; fileRef = 350573462857F312008932A9 /* MapView.swift */; };
		351316C82B800D0700B87F74 /* ImageViewer in Frameworks */ = {isa = PBXBuildFile; productRef = 351316C72B800D0700B87F74 /* ImageViewer */; };
		351316CA2B800D0700B87F74 /* ImageViewerRemote in Frameworks */ = {isa = PBXBuildFile; productRef = 351316C92B800D0700B87F74 /* ImageViewerRemote */; };
		351316CC2B800D1F00B87F74 /* ImageViewer in Frameworks */ = {isa = PBXBuildFile; productRef = 351316CB2B800D1F00B87F74 /* ImageViewer */; };
		351316CE2B800D1F00B87F74 /* ImageViewerRemote in Frameworks */ = {isa = PBXBuildFile; productRef = 351316CD2B800D1F00B87F74 /* ImageViewerRemote */; };
		3551CC5A28043624004F9471 /* Tests_iOS.swift in Sources */ = {isa = PBXBuildFile; fileRef = 3551CC5928043624004F9471 /* Tests_iOS.swift */; };
		3551CC5C28043624004F9471 /* Tests_iOSLaunchTests.swift in Sources */ = {isa = PBXBuildFile; fileRef = 3551CC5B28043624004F9471 /* Tests_iOSLaunchTests.swift */; };
		3551CC6628043624004F9471 /* Tests_macOS.swift in Sources */ = {isa = PBXBuildFile; fileRef = 3551CC6528043624004F9471 /* Tests_macOS.swift */; };
		3551CC6828043624004F9471 /* Tests_macOSLaunchTests.swift in Sources */ = {isa = PBXBuildFile; fileRef = 3551CC6728043624004F9471 /* Tests_macOSLaunchTests.swift */; };
		3551CC6928043624004F9471 /* RudolstadtForiOSApp.swift in Sources */ = {isa = PBXBuildFile; fileRef = 3551CC4128043622004F9471 /* RudolstadtForiOSApp.swift */; };
		3551CC6A28043624004F9471 /* RudolstadtForiOSApp.swift in Sources */ = {isa = PBXBuildFile; fileRef = 3551CC4128043622004F9471 /* RudolstadtForiOSApp.swift */; };
		3551CC6B28043624004F9471 /* ContentView.swift in Sources */ = {isa = PBXBuildFile; fileRef = 3551CC4228043623004F9471 /* ContentView.swift */; };
		3551CC6C28043624004F9471 /* ContentView.swift in Sources */ = {isa = PBXBuildFile; fileRef = 3551CC4228043623004F9471 /* ContentView.swift */; };
		3551CC6D28043624004F9471 /* Assets.xcassets in Resources */ = {isa = PBXBuildFile; fileRef = 3551CC4328043624004F9471 /* Assets.xcassets */; };
		3551CC6E28043624004F9471 /* Assets.xcassets in Resources */ = {isa = PBXBuildFile; fileRef = 3551CC4328043624004F9471 /* Assets.xcassets */; };
		3551CC8128043DA2004F9471 /* DataModel.swift in Sources */ = {isa = PBXBuildFile; fileRef = 3551CC8028043DA2004F9471 /* DataModel.swift */; };
		3551CC8428043E8D004F9471 /* DataStore.swift in Sources */ = {isa = PBXBuildFile; fileRef = 3551CC8328043E8D004F9471 /* DataStore.swift */; };
		3568726629C0239300520EC5 /* ScrollableProgramView.swift in Sources */ = {isa = PBXBuildFile; fileRef = 3568726529C0239300520EC5 /* ScrollableProgramView.swift */; };
		3568726729C0239300520EC5 /* ScrollableProgramView.swift in Sources */ = {isa = PBXBuildFile; fileRef = 3568726529C0239300520EC5 /* ScrollableProgramView.swift */; };
		3568C7AA29F93B6700A7AA7D /* ScrollableProgramViewContent.swift in Sources */ = {isa = PBXBuildFile; fileRef = 3568C7A929F93B6700A7AA7D /* ScrollableProgramViewContent.swift */; };
		3568C7AB29F93B6700A7AA7D /* ScrollableProgramViewContent.swift in Sources */ = {isa = PBXBuildFile; fileRef = 3568C7A929F93B6700A7AA7D /* ScrollableProgramViewContent.swift */; };
		3568C7AD29F968DE00A7AA7D /* RecommendationScheduleViewContent.swift in Sources */ = {isa = PBXBuildFile; fileRef = 3568C7AC29F968DE00A7AA7D /* RecommendationScheduleViewContent.swift */; };
		3568C7AE29F968DE00A7AA7D /* RecommendationScheduleViewContent.swift in Sources */ = {isa = PBXBuildFile; fileRef = 3568C7AC29F968DE00A7AA7D /* RecommendationScheduleViewContent.swift */; };
		3568C7B029FB59AC00A7AA7D /* TableProgramCell.swift in Sources */ = {isa = PBXBuildFile; fileRef = 3568C7AF29FB59AC00A7AA7D /* TableProgramCell.swift */; };
		3568C7B129FB59AC00A7AA7D /* TableProgramCell.swift in Sources */ = {isa = PBXBuildFile; fileRef = 3568C7AF29FB59AC00A7AA7D /* TableProgramCell.swift */; };
		35CF484A285B7E4E00D13B6F /* SDWebImageSwiftUI in Frameworks */ = {isa = PBXBuildFile; productRef = 35CF4849285B7E4E00D13B6F /* SDWebImageSwiftUI */; };
		35CF484D285B830600D13B6F /* InfoPlist.strings in Resources */ = {isa = PBXBuildFile; fileRef = 35CF484B285B830600D13B6F /* InfoPlist.strings */; };
		35D0A4892A07372A004C506D /* Colors.xcassets in Resources */ = {isa = PBXBuildFile; fileRef = 35D0A4882A07372A004C506D /* Colors.xcassets */; };
		35D0A48A2A07372A004C506D /* Colors.xcassets in Resources */ = {isa = PBXBuildFile; fileRef = 35D0A4882A07372A004C506D /* Colors.xcassets */; };
		35D0A48C2A073AFF004C506D /* ColorExtensions.swift in Sources */ = {isa = PBXBuildFile; fileRef = 35D0A48B2A073AFF004C506D /* ColorExtensions.swift */; };
		35D0A48D2A073AFF004C506D /* ColorExtensions.swift in Sources */ = {isa = PBXBuildFile; fileRef = 35D0A48B2A073AFF004C506D /* ColorExtensions.swift */; };
		35D0A48F2A07504C004C506D /* SaveEventPreview.swift in Sources */ = {isa = PBXBuildFile; fileRef = 35D0A48E2A07504C004C506D /* SaveEventPreview.swift */; };
		35D0A4902A07504C004C506D /* SaveEventPreview.swift in Sources */ = {isa = PBXBuildFile; fileRef = 35D0A48E2A07504C004C506D /* SaveEventPreview.swift */; };
		35D0A4922A0754CE004C506D /* StagePreview.swift in Sources */ = {isa = PBXBuildFile; fileRef = 35D0A4912A0754CE004C506D /* StagePreview.swift */; };
		35D0A4932A0754CE004C506D /* StagePreview.swift in Sources */ = {isa = PBXBuildFile; fileRef = 35D0A4912A0754CE004C506D /* StagePreview.swift */; };
/* End PBXBuildFile section */

/* Begin PBXContainerItemProxy section */
		3551CC5628043624004F9471 /* PBXContainerItemProxy */ = {
			isa = PBXContainerItemProxy;
			containerPortal = 3551CC3C28043622004F9471 /* Project object */;
			proxyType = 1;
			remoteGlobalIDString = 3551CC4728043624004F9471;
			remoteInfo = "RudolstadtForiOS (iOS)";
		};
		3551CC6228043624004F9471 /* PBXContainerItemProxy */ = {
			isa = PBXContainerItemProxy;
			containerPortal = 3551CC3C28043622004F9471 /* Project object */;
			proxyType = 1;
			remoteGlobalIDString = 3551CC4D28043624004F9471;
			remoteInfo = "RudolstadtForiOS (macOS)";
		};
/* End PBXContainerItemProxy section */

/* Begin PBXFileReference section */
		32A1103D160E868E6BF7EC72 /* ImageUrlUtil.swift */ = {isa = PBXFileReference; fileEncoding = 4; lastKnownFileType = sourcecode.swift; path = ImageUrlUtil.swift; sourceTree = "<group>"; };
		32A1107C6295E7BA267D0F71 /* ArtistCell.swift */ = {isa = PBXFileReference; fileEncoding = 4; lastKnownFileType = sourcecode.swift; path = ArtistCell.swift; sourceTree = "<group>"; };
		32A110A03818C0FCA81E788F /* SavedArtistProgramView.swift */ = {isa = PBXFileReference; fileEncoding = 4; lastKnownFileType = sourcecode.swift; path = SavedArtistProgramView.swift; sourceTree = "<group>"; };
		32A1110D3D7D56EA7EA6AF0B /* StageProgramEventCell.swift */ = {isa = PBXFileReference; fileEncoding = 4; lastKnownFileType = sourcecode.swift; path = StageProgramEventCell.swift; sourceTree = "<group>"; };
		32A1115828015AC5C612989A /* TimeProgramView.swift */ = {isa = PBXFileReference; fileEncoding = 4; lastKnownFileType = sourcecode.swift; path = TimeProgramView.swift; sourceTree = "<group>"; };
		32A111877F55C961A8ED2F89 /* ArtistRatingSymbol.swift */ = {isa = PBXFileReference; fileEncoding = 4; lastKnownFileType = sourcecode.swift; path = ArtistRatingSymbol.swift; sourceTree = "<group>"; };
		32A1124C6423229E27A0F0B5 /* ProgramView.swift */ = {isa = PBXFileReference; fileEncoding = 4; lastKnownFileType = sourcecode.swift; path = ProgramView.swift; sourceTree = "<group>"; };
		32A11302171E3C741D1E762D /* LocationListView.swift */ = {isa = PBXFileReference; fileEncoding = 4; lastKnownFileType = sourcecode.swift; path = LocationListView.swift; sourceTree = "<group>"; };
		32A11314CA54C51CF1BFDF9D /* ScheduleView.swift */ = {isa = PBXFileReference; fileEncoding = 4; lastKnownFileType = sourcecode.swift; path = ScheduleView.swift; sourceTree = "<group>"; };
		32A1136EDC420F6A3EAE3479 /* SaveEventButton.swift */ = {isa = PBXFileReference; fileEncoding = 4; lastKnownFileType = sourcecode.swift; path = SaveEventButton.swift; sourceTree = "<group>"; };
		32A113E8EF0720699AAD91D0 /* DataLoader.swift */ = {isa = PBXFileReference; fileEncoding = 4; lastKnownFileType = sourcecode.swift; path = DataLoader.swift; sourceTree = "<group>"; };
		32A1157496D310116DCD5206 /* ArtistImageView.swift */ = {isa = PBXFileReference; fileEncoding = 4; lastKnownFileType = sourcecode.swift; path = ArtistImageView.swift; sourceTree = "<group>"; };
		32A115F47BCFC96F1A0F8673 /* ScheduleEventCell.swift */ = {isa = PBXFileReference; fileEncoding = 4; lastKnownFileType = sourcecode.swift; path = ScheduleEventCell.swift; sourceTree = "<group>"; };
		32A1161ADFDC7FFC2CE970F5 /* StageCell.swift */ = {isa = PBXFileReference; fileEncoding = 4; lastKnownFileType = sourcecode.swift; path = StageCell.swift; sourceTree = "<group>"; };
		32A116351440B8AD1B03F8FE /* ProgramItemText.swift */ = {isa = PBXFileReference; fileEncoding = 4; lastKnownFileType = sourcecode.swift; path = ProgramItemText.swift; sourceTree = "<group>"; };
		32A1169961DC1D81F2C85CD8 /* SavedArtistListView.swift */ = {isa = PBXFileReference; fileEncoding = 4; lastKnownFileType = sourcecode.swift; path = SavedArtistListView.swift; sourceTree = "<group>"; };
		32A117348D2BF00F51BF852E /* NewsListView.swift */ = {isa = PBXFileReference; fileEncoding = 4; lastKnownFileType = sourcecode.swift; path = NewsListView.swift; sourceTree = "<group>"; };
		32A11760C2446A479758E817 /* LoadingListView.swift */ = {isa = PBXFileReference; fileEncoding = 4; lastKnownFileType = sourcecode.swift; path = LoadingListView.swift; sourceTree = "<group>"; };
		32A117A0FDF5C04B31439439 /* DataUpdater.swift */ = {isa = PBXFileReference; fileEncoding = 4; lastKnownFileType = sourcecode.swift; path = DataUpdater.swift; sourceTree = "<group>"; };
		32A118737B48B6BA52141F0D /* StageDetailView.swift */ = {isa = PBXFileReference; fileEncoding = 4; lastKnownFileType = sourcecode.swift; path = StageDetailView.swift; sourceTree = "<group>"; };
		32A118FC2F29A19FA8A3CE8E /* StageProgramView.swift */ = {isa = PBXFileReference; fileEncoding = 4; lastKnownFileType = sourcecode.swift; path = StageProgramView.swift; sourceTree = "<group>"; };
		32A118FFA2F41B67DECD8B61 /* ArtistListView.swift */ = {isa = PBXFileReference; fileEncoding = 4; lastKnownFileType = sourcecode.swift; path = ArtistListView.swift; sourceTree = "<group>"; };
		32A11925147B0DC31E33C3E6 /* de */ = {isa = PBXFileReference; fileEncoding = 4; lastKnownFileType = text.plist.strings; name = de; path = Localizable.strings; sourceTree = "<group>"; };
		32A1194705F0DC9D18C2B09B /* Util.swift */ = {isa = PBXFileReference; fileEncoding = 4; lastKnownFileType = sourcecode.swift; path = Util.swift; sourceTree = "<group>"; };
		32A11A53C0B10E0676C445ED /* TimeProgramEventCell.swift */ = {isa = PBXFileReference; fileEncoding = 4; lastKnownFileType = sourcecode.swift; path = TimeProgramEventCell.swift; sourceTree = "<group>"; };
		32A11A861D3FD3784C9516BB /* SavedArtistOverview.swift */ = {isa = PBXFileReference; fileEncoding = 4; lastKnownFileType = sourcecode.swift; path = SavedArtistOverview.swift; sourceTree = "<group>"; };
		32A11B0EB895F91CC56EB642 /* StageMapView.swift */ = {isa = PBXFileReference; fileEncoding = 4; lastKnownFileType = sourcecode.swift; path = StageMapView.swift; sourceTree = "<group>"; };
		32A11BD8767914773C96A46B /* StageNumber.swift */ = {isa = PBXFileReference; fileEncoding = 4; lastKnownFileType = sourcecode.swift; path = StageNumber.swift; sourceTree = "<group>"; };
		32A11C3491E3EF12BFE1CC75 /* RatingSymbol.swift */ = {isa = PBXFileReference; fileEncoding = 4; lastKnownFileType = sourcecode.swift; path = RatingSymbol.swift; sourceTree = "<group>"; };
		32A11CB9E490D35A061D5106 /* ArtistDetailView.swift */ = {isa = PBXFileReference; fileEncoding = 4; lastKnownFileType = sourcecode.swift; path = ArtistDetailView.swift; sourceTree = "<group>"; };
		32A11CEB953B4C22997546BF /* RecommendationScheduleView.swift */ = {isa = PBXFileReference; fileEncoding = 4; lastKnownFileType = sourcecode.swift; path = RecommendationScheduleView.swift; sourceTree = "<group>"; };
		32A11D4A2C31A990A10DB370 /* ArtistTypeFilterView.swift */ = {isa = PBXFileReference; fileEncoding = 4; lastKnownFileType = sourcecode.swift; path = ArtistTypeFilterView.swift; sourceTree = "<group>"; };
		32A11D4B68D9C986BBCB747A /* ScheduleGenerator2.swift */ = {isa = PBXFileReference; fileEncoding = 4; lastKnownFileType = sourcecode.swift; path = ScheduleGenerator2.swift; sourceTree = "<group>"; };
		32A11D55D7F4788FE4AEC1A1 /* SavedArtistEventCell.swift */ = {isa = PBXFileReference; fileEncoding = 4; lastKnownFileType = sourcecode.swift; path = SavedArtistEventCell.swift; sourceTree = "<group>"; };
		32A11D77C8691B9548642BE0 /* SearchEventCell.swift */ = {isa = PBXFileReference; fileEncoding = 4; lastKnownFileType = sourcecode.swift; path = SearchEventCell.swift; sourceTree = "<group>"; };
		32A11D8DFB14F08269BDAB8F /* NewsItemDetailView.swift */ = {isa = PBXFileReference; fileEncoding = 4; lastKnownFileType = sourcecode.swift; path = NewsItemDetailView.swift; sourceTree = "<group>"; };
		32A11E3751FD81FE837E074B /* StageEventCell.swift */ = {isa = PBXFileReference; fileEncoding = 4; lastKnownFileType = sourcecode.swift; path = StageEventCell.swift; sourceTree = "<group>"; };
		32A11EABBF8225BA956E300E /* en */ = {isa = PBXFileReference; fileEncoding = 4; lastKnownFileType = text.plist.strings; name = en; path = Localizable.strings; sourceTree = "<group>"; };
		32A11EABD81D0BA97B963376 /* MoreView.swift */ = {isa = PBXFileReference; fileEncoding = 4; lastKnownFileType = sourcecode.swift; path = MoreView.swift; sourceTree = "<group>"; };
		32A11EB2094A0029C6472DB7 /* ArtistEventCell.swift */ = {isa = PBXFileReference; fileEncoding = 4; lastKnownFileType = sourcecode.swift; path = ArtistEventCell.swift; sourceTree = "<group>"; };
		32A11EE61A0F587230C02DF2 /* SearchView.swift */ = {isa = PBXFileReference; fileEncoding = 4; lastKnownFileType = sourcecode.swift; path = SearchView.swift; sourceTree = "<group>"; };
		32A11FA9E53D32EB6D58A19E /* NewsItemCell.swift */ = {isa = PBXFileReference; fileEncoding = 4; lastKnownFileType = sourcecode.swift; path = NewsItemCell.swift; sourceTree = "<group>"; };
		32A11FCEFCBC49CBBBDC6968 /* UserSettings.swift */ = {isa = PBXFileReference; fileEncoding = 4; lastKnownFileType = sourcecode.swift; path = UserSettings.swift; sourceTree = "<group>"; };
		35028CC32805BEA6004F0E3F /* HelperTypes.swift */ = {isa = PBXFileReference; lastKnownFileType = sourcecode.swift; path = HelperTypes.swift; sourceTree = "<group>"; };
		3505732428547CE0008932A9 /* ParkAndRideView.swift */ = {isa = PBXFileReference; lastKnownFileType = sourcecode.swift; path = ParkAndRideView.swift; sourceTree = "<group>"; };
		3505732728549B81008932A9 /* WebView.swift */ = {isa = PBXFileReference; lastKnownFileType = sourcecode.swift; path = WebView.swift; sourceTree = "<group>"; };
		3505732A28549BF8008932A9 /* BusView.swift */ = {isa = PBXFileReference; lastKnownFileType = sourcecode.swift; path = BusView.swift; sourceTree = "<group>"; };
		3505732D2854A794008932A9 /* GeneralView.swift */ = {isa = PBXFileReference; lastKnownFileType = sourcecode.swift; path = GeneralView.swift; sourceTree = "<group>"; };
		350573302854F59B008932A9 /* FAQView.swift */ = {isa = PBXFileReference; lastKnownFileType = sourcecode.swift; path = FAQView.swift; sourceTree = "<group>"; };
		350573332854F73C008932A9 /* AboutView.swift */ = {isa = PBXFileReference; lastKnownFileType = sourcecode.swift; path = AboutView.swift; sourceTree = "<group>"; };
		350573362854FA4C008932A9 /* EventSavedIcon.swift */ = {isa = PBXFileReference; lastKnownFileType = sourcecode.swift; path = EventSavedIcon.swift; sourceTree = "<group>"; };
		350573392855B2C3008932A9 /* ContextCopyButton.swift */ = {isa = PBXFileReference; lastKnownFileType = sourcecode.swift; path = ContextCopyButton.swift; sourceTree = "<group>"; };
		3505733C2855BAF1008932A9 /* ProgramEntry.swift */ = {isa = PBXFileReference; lastKnownFileType = sourcecode.swift; path = ProgramEntry.swift; sourceTree = "<group>"; };
		3505733F2855D45B008932A9 /* NextView.swift */ = {isa = PBXFileReference; lastKnownFileType = sourcecode.swift; path = NextView.swift; sourceTree = "<group>"; };
		350573422856442B008932A9 /* RudolstadtForiOS--iOS--Info.plist */ = {isa = PBXFileReference; lastKnownFileType = text.plist; path = "RudolstadtForiOS--iOS--Info.plist"; sourceTree = "<group>"; };
		350573442857E9BE008932A9 /* MapOverview.swift */ = {isa = PBXFileReference; lastKnownFileType = sourcecode.swift; path = MapOverview.swift; sourceTree = "<group>"; };
		350573462857F312008932A9 /* MapView.swift */ = {isa = PBXFileReference; lastKnownFileType = sourcecode.swift; path = MapView.swift; sourceTree = "<group>"; };
		3551CC4128043622004F9471 /* RudolstadtForiOSApp.swift */ = {isa = PBXFileReference; lastKnownFileType = sourcecode.swift; path = RudolstadtForiOSApp.swift; sourceTree = "<group>"; };
		3551CC4228043623004F9471 /* ContentView.swift */ = {isa = PBXFileReference; lastKnownFileType = sourcecode.swift; path = ContentView.swift; sourceTree = "<group>"; };
		3551CC4328043624004F9471 /* Assets.xcassets */ = {isa = PBXFileReference; lastKnownFileType = folder.assetcatalog; path = Assets.xcassets; sourceTree = "<group>"; };
		3551CC4828043624004F9471 /* Rudolstadt.app */ = {isa = PBXFileReference; explicitFileType = wrapper.application; includeInIndex = 0; path = Rudolstadt.app; sourceTree = BUILT_PRODUCTS_DIR; };
		3551CC4E28043624004F9471 /* RudolstadtForiOS.app */ = {isa = PBXFileReference; explicitFileType = wrapper.application; includeInIndex = 0; path = RudolstadtForiOS.app; sourceTree = BUILT_PRODUCTS_DIR; };
		3551CC5028043624004F9471 /* macOS.entitlements */ = {isa = PBXFileReference; lastKnownFileType = text.plist.entitlements; path = macOS.entitlements; sourceTree = "<group>"; };
		3551CC5528043624004F9471 /* Tests iOS.xctest */ = {isa = PBXFileReference; explicitFileType = wrapper.cfbundle; includeInIndex = 0; path = "Tests iOS.xctest"; sourceTree = BUILT_PRODUCTS_DIR; };
		3551CC5928043624004F9471 /* Tests_iOS.swift */ = {isa = PBXFileReference; lastKnownFileType = sourcecode.swift; path = Tests_iOS.swift; sourceTree = "<group>"; };
		3551CC5B28043624004F9471 /* Tests_iOSLaunchTests.swift */ = {isa = PBXFileReference; lastKnownFileType = sourcecode.swift; path = Tests_iOSLaunchTests.swift; sourceTree = "<group>"; };
		3551CC6128043624004F9471 /* Tests macOS.xctest */ = {isa = PBXFileReference; explicitFileType = wrapper.cfbundle; includeInIndex = 0; path = "Tests macOS.xctest"; sourceTree = BUILT_PRODUCTS_DIR; };
		3551CC6528043624004F9471 /* Tests_macOS.swift */ = {isa = PBXFileReference; lastKnownFileType = sourcecode.swift; path = Tests_macOS.swift; sourceTree = "<group>"; };
		3551CC6728043624004F9471 /* Tests_macOSLaunchTests.swift */ = {isa = PBXFileReference; lastKnownFileType = sourcecode.swift; path = Tests_macOSLaunchTests.swift; sourceTree = "<group>"; };
		3551CC8028043DA2004F9471 /* DataModel.swift */ = {isa = PBXFileReference; lastKnownFileType = sourcecode.swift; path = DataModel.swift; sourceTree = "<group>"; };
		3551CC8328043E8D004F9471 /* DataStore.swift */ = {isa = PBXFileReference; lastKnownFileType = sourcecode.swift; path = DataStore.swift; sourceTree = "<group>"; };
		3568726529C0239300520EC5 /* ScrollableProgramView.swift */ = {isa = PBXFileReference; lastKnownFileType = sourcecode.swift; path = ScrollableProgramView.swift; sourceTree = "<group>"; };
		3568C7A929F93B6700A7AA7D /* ScrollableProgramViewContent.swift */ = {isa = PBXFileReference; lastKnownFileType = sourcecode.swift; path = ScrollableProgramViewContent.swift; sourceTree = "<group>"; };
		3568C7AC29F968DE00A7AA7D /* RecommendationScheduleViewContent.swift */ = {isa = PBXFileReference; lastKnownFileType = sourcecode.swift; path = RecommendationScheduleViewContent.swift; sourceTree = "<group>"; };
		3568C7AF29FB59AC00A7AA7D /* TableProgramCell.swift */ = {isa = PBXFileReference; lastKnownFileType = sourcecode.swift; path = TableProgramCell.swift; sourceTree = "<group>"; };
		35CF484C285B830600D13B6F /* en */ = {isa = PBXFileReference; lastKnownFileType = text.plist.strings; name = en; path = InfoPlist.strings; sourceTree = "<group>"; };
		35CF484F285B837800D13B6F /* de */ = {isa = PBXFileReference; lastKnownFileType = text.plist.strings; name = de; path = InfoPlist.strings; sourceTree = "<group>"; };
		35D0A4882A07372A004C506D /* Colors.xcassets */ = {isa = PBXFileReference; lastKnownFileType = folder.assetcatalog; path = Colors.xcassets; sourceTree = "<group>"; };
		35D0A48B2A073AFF004C506D /* ColorExtensions.swift */ = {isa = PBXFileReference; lastKnownFileType = sourcecode.swift; path = ColorExtensions.swift; sourceTree = "<group>"; };
		35D0A48E2A07504C004C506D /* SaveEventPreview.swift */ = {isa = PBXFileReference; lastKnownFileType = sourcecode.swift; path = SaveEventPreview.swift; sourceTree = "<group>"; };
		35D0A4912A0754CE004C506D /* StagePreview.swift */ = {isa = PBXFileReference; lastKnownFileType = sourcecode.swift; path = StagePreview.swift; sourceTree = "<group>"; };
/* End PBXFileReference section */

/* Begin PBXFrameworksBuildPhase section */
		3551CC4528043624004F9471 /* Frameworks */ = {
			isa = PBXFrameworksBuildPhase;
			buildActionMask = 2147483647;
			files = (
				351316C82B800D0700B87F74 /* ImageViewer in Frameworks */,
				35CF484A285B7E4E00D13B6F /* SDWebImageSwiftUI in Frameworks */,
				351316CA2B800D0700B87F74 /* ImageViewerRemote in Frameworks */,
			);
			runOnlyForDeploymentPostprocessing = 0;
		};
		3551CC4B28043624004F9471 /* Frameworks */ = {
			isa = PBXFrameworksBuildPhase;
			buildActionMask = 2147483647;
			files = (
				351316CE2B800D1F00B87F74 /* ImageViewerRemote in Frameworks */,
				351316CC2B800D1F00B87F74 /* ImageViewer in Frameworks */,
			);
			runOnlyForDeploymentPostprocessing = 0;
		};
		3551CC5228043624004F9471 /* Frameworks */ = {
			isa = PBXFrameworksBuildPhase;
			buildActionMask = 2147483647;
			files = (
			);
			runOnlyForDeploymentPostprocessing = 0;
		};
		3551CC5E28043624004F9471 /* Frameworks */ = {
			isa = PBXFrameworksBuildPhase;
			buildActionMask = 2147483647;
			files = (
			);
			runOnlyForDeploymentPostprocessing = 0;
		};
/* End PBXFrameworksBuildPhase section */

/* Begin PBXGroup section */
		32A1115A60203DC03B9A0A3B /* Search */ = {
			isa = PBXGroup;
			children = (
				32A11EE61A0F587230C02DF2 /* SearchView.swift */,
				32A11D77C8691B9548642BE0 /* SearchEventCell.swift */,
			);
			path = Search;
			sourceTree = "<group>";
		};
		32A112822EEBA64538AA38A6 /* Artist */ = {
			isa = PBXGroup;
			children = (
				32A1157496D310116DCD5206 /* ArtistImageView.swift */,
				32A11D4A2C31A990A10DB370 /* ArtistTypeFilterView.swift */,
				32A111877F55C961A8ED2F89 /* ArtistRatingSymbol.swift */,
				32A118D0B19F4C8931FB9933 /* Overview */,
				32A1172F56E4E45800FFB647 /* Detail */,
			);
			path = Artist;
			sourceTree = "<group>";
		};
		32A1134032751A61E5A381EE /* Stage */ = {
			isa = PBXGroup;
			children = (
				32A118737B48B6BA52141F0D /* StageDetailView.swift */,
				32A11B0EB895F91CC56EB642 /* StageMapView.swift */,
				32A11E3751FD81FE837E074B /* StageEventCell.swift */,
			);
			path = Stage;
			sourceTree = "<group>";
		};
		32A1139B0A5731511CC06981 /* Views */ = {
			isa = PBXGroup;
			children = (
				32A11C3491E3EF12BFE1CC75 /* RatingSymbol.swift */,
				32A1136EDC420F6A3EAE3479 /* SaveEventButton.swift */,
				32A11760C2446A479758E817 /* LoadingListView.swift */,
				3505732728549B81008932A9 /* WebView.swift */,
				350573362854FA4C008932A9 /* EventSavedIcon.swift */,
				350573392855B2C3008932A9 /* ContextCopyButton.swift */,
				35D0A48E2A07504C004C506D /* SaveEventPreview.swift */,
				35D0A4912A0754CE004C506D /* StagePreview.swift */,
			);
			path = Views;
			sourceTree = "<group>";
		};
		32A1149A358407B10CC2C734 /* Screens */ = {
			isa = PBXGroup;
			children = (
				350573432857E9AB008932A9 /* Map */,
				32A1156E35060A9C4B5BE144 /* News */,
				32A112822EEBA64538AA38A6 /* Artist */,
				32A1134032751A61E5A381EE /* Stage */,
				32A11D5FF6CA0C5089242882 /* Program */,
				32A11B09CDEB3B994B959204 /* Location */,
				32A11E880C7782C61DB1318E /* Schedule */,
				32A11AEB4B6F67DF2B3DB0AB /* More */,
				32A1115A60203DC03B9A0A3B /* Search */,
			);
			path = Screens;
			sourceTree = "<group>";
		};
		32A1156E35060A9C4B5BE144 /* News */ = {
			isa = PBXGroup;
			children = (
				32A11D8DFB14F08269BDAB8F /* NewsItemDetailView.swift */,
				32A11FA9E53D32EB6D58A19E /* NewsItemCell.swift */,
				32A117348D2BF00F51BF852E /* NewsListView.swift */,
			);
			path = News;
			sourceTree = "<group>";
		};
		32A1172F56E4E45800FFB647 /* Detail */ = {
			isa = PBXGroup;
			children = (
				32A11CB9E490D35A061D5106 /* ArtistDetailView.swift */,
				32A11EB2094A0029C6472DB7 /* ArtistEventCell.swift */,
			);
			path = Detail;
			sourceTree = "<group>";
		};
		32A11762C36E75B5B5A648F7 /* de.lproj */ = {
			isa = PBXGroup;
			children = (
				32A113DC3088B0ED88072ADF /* Localizable.strings */,
				35CF484B285B830600D13B6F /* InfoPlist.strings */,
			);
			path = de.lproj;
			sourceTree = "<group>";
		};
		32A118D0B19F4C8931FB9933 /* Overview */ = {
			isa = PBXGroup;
			children = (
				32A118FFA2F41B67DECD8B61 /* ArtistListView.swift */,
				32A1107C6295E7BA267D0F71 /* ArtistCell.swift */,
			);
			path = Overview;
			sourceTree = "<group>";
		};
		32A11AEB4B6F67DF2B3DB0AB /* More */ = {
			isa = PBXGroup;
			children = (
				32A11EABD81D0BA97B963376 /* MoreView.swift */,
				3505732428547CE0008932A9 /* ParkAndRideView.swift */,
				3505732A28549BF8008932A9 /* BusView.swift */,
				3505732D2854A794008932A9 /* GeneralView.swift */,
				350573302854F59B008932A9 /* FAQView.swift */,
				350573332854F73C008932A9 /* AboutView.swift */,
			);
			path = More;
			sourceTree = "<group>";
		};
		32A11B09CDEB3B994B959204 /* Location */ = {
			isa = PBXGroup;
			children = (
				32A11302171E3C741D1E762D /* LocationListView.swift */,
				32A1161ADFDC7FFC2CE970F5 /* StageCell.swift */,
				32A11BD8767914773C96A46B /* StageNumber.swift */,
			);
			path = Location;
			sourceTree = "<group>";
		};
		32A11D5FF6CA0C5089242882 /* Program */ = {
			isa = PBXGroup;
			children = (
				32A1124C6423229E27A0F0B5 /* ProgramView.swift */,
				32A116351440B8AD1B03F8FE /* ProgramItemText.swift */,
				32A1115828015AC5C612989A /* TimeProgramView.swift */,
				32A11A53C0B10E0676C445ED /* TimeProgramEventCell.swift */,
				32A118FC2F29A19FA8A3CE8E /* StageProgramView.swift */,
				32A1110D3D7D56EA7EA6AF0B /* StageProgramEventCell.swift */,
				32A11D55D7F4788FE4AEC1A1 /* SavedArtistEventCell.swift */,
				32A110A03818C0FCA81E788F /* SavedArtistProgramView.swift */,
				32A11A861D3FD3784C9516BB /* SavedArtistOverview.swift */,
				32A1169961DC1D81F2C85CD8 /* SavedArtistListView.swift */,
				3505733C2855BAF1008932A9 /* ProgramEntry.swift */,
				3505733F2855D45B008932A9 /* NextView.swift */,
				3568726529C0239300520EC5 /* ScrollableProgramView.swift */,
				3568C7A929F93B6700A7AA7D /* ScrollableProgramViewContent.swift */,
				3568C7AF29FB59AC00A7AA7D /* TableProgramCell.swift */,
			);
			path = Program;
			sourceTree = "<group>";
		};
		32A11D64F476FFB4DA9968D7 /* en.lproj */ = {
			isa = PBXGroup;
			children = (
				32A112FBB6E762F9793E8E60 /* Localizable.strings */,
				35CF484E285B837800D13B6F /* InfoPlist.strings */,
			);
			path = en.lproj;
			sourceTree = "<group>";
		};
		32A11E880C7782C61DB1318E /* Schedule */ = {
			isa = PBXGroup;
			children = (
				32A11314CA54C51CF1BFDF9D /* ScheduleView.swift */,
				32A11D4B68D9C986BBCB747A /* ScheduleGenerator2.swift */,
				32A115F47BCFC96F1A0F8673 /* ScheduleEventCell.swift */,
				32A11CEB953B4C22997546BF /* RecommendationScheduleView.swift */,
				3568C7AC29F968DE00A7AA7D /* RecommendationScheduleViewContent.swift */,
			);
			path = Schedule;
			sourceTree = "<group>";
		};
		35028CC22805BE8D004F0E3F /* Data */ = {
			isa = PBXGroup;
			children = (
				3551CC8028043DA2004F9471 /* DataModel.swift */,
				3551CC8328043E8D004F9471 /* DataStore.swift */,
				35028CC32805BEA6004F0E3F /* HelperTypes.swift */,
				32A113E8EF0720699AAD91D0 /* DataLoader.swift */,
				32A117A0FDF5C04B31439439 /* DataUpdater.swift */,
			);
			path = Data;
			sourceTree = "<group>";
		};
		350573432857E9AB008932A9 /* Map */ = {
			isa = PBXGroup;
			children = (
				350573442857E9BE008932A9 /* MapOverview.swift */,
				350573462857F312008932A9 /* MapView.swift */,
			);
			path = Map;
			sourceTree = "<group>";
		};
		3551CC3B28043622004F9471 = {
			isa = PBXGroup;
			children = (
				350573422856442B008932A9 /* RudolstadtForiOS--iOS--Info.plist */,
				3551CC4028043622004F9471 /* Shared */,
				3551CC4F28043624004F9471 /* macOS */,
				3551CC5828043624004F9471 /* Tests iOS */,
				3551CC6428043624004F9471 /* Tests macOS */,
				3551CC4928043624004F9471 /* Products */,
			);
			sourceTree = "<group>";
		};
		3551CC4028043622004F9471 /* Shared */ = {
			isa = PBXGroup;
			children = (
				3551CC4128043622004F9471 /* RudolstadtForiOSApp.swift */,
				3551CC4228043623004F9471 /* ContentView.swift */,
				35028CC22805BE8D004F0E3F /* Data */,
				3551CC4328043624004F9471 /* Assets.xcassets */,
				35D0A4882A07372A004C506D /* Colors.xcassets */,
				35D0A48B2A073AFF004C506D /* ColorExtensions.swift */,
				32A1149A358407B10CC2C734 /* Screens */,
				32A11FCEFCBC49CBBBDC6968 /* UserSettings.swift */,
				32A1139B0A5731511CC06981 /* Views */,
				32A1194705F0DC9D18C2B09B /* Util.swift */,
				32A11D64F476FFB4DA9968D7 /* en.lproj */,
				32A11762C36E75B5B5A648F7 /* de.lproj */,
				32A1103D160E868E6BF7EC72 /* ImageUrlUtil.swift */,
			);
			path = Shared;
			sourceTree = "<group>";
		};
		3551CC4928043624004F9471 /* Products */ = {
			isa = PBXGroup;
			children = (
				3551CC4828043624004F9471 /* Rudolstadt.app */,
				3551CC4E28043624004F9471 /* RudolstadtForiOS.app */,
				3551CC5528043624004F9471 /* Tests iOS.xctest */,
				3551CC6128043624004F9471 /* Tests macOS.xctest */,
			);
			name = Products;
			sourceTree = "<group>";
		};
		3551CC4F28043624004F9471 /* macOS */ = {
			isa = PBXGroup;
			children = (
				3551CC5028043624004F9471 /* macOS.entitlements */,
			);
			path = macOS;
			sourceTree = "<group>";
		};
		3551CC5828043624004F9471 /* Tests iOS */ = {
			isa = PBXGroup;
			children = (
				3551CC5928043624004F9471 /* Tests_iOS.swift */,
				3551CC5B28043624004F9471 /* Tests_iOSLaunchTests.swift */,
			);
			path = "Tests iOS";
			sourceTree = "<group>";
		};
		3551CC6428043624004F9471 /* Tests macOS */ = {
			isa = PBXGroup;
			children = (
				3551CC6528043624004F9471 /* Tests_macOS.swift */,
				3551CC6728043624004F9471 /* Tests_macOSLaunchTests.swift */,
			);
			path = "Tests macOS";
			sourceTree = "<group>";
		};
/* End PBXGroup section */

/* Begin PBXNativeTarget section */
		3551CC4728043624004F9471 /* RudolstadtForiOS (iOS) */ = {
			isa = PBXNativeTarget;
			buildConfigurationList = 3551CC7128043624004F9471 /* Build configuration list for PBXNativeTarget "RudolstadtForiOS (iOS)" */;
			buildPhases = (
				3551CC4428043624004F9471 /* Sources */,
				3551CC4528043624004F9471 /* Frameworks */,
				3551CC4628043624004F9471 /* Resources */,
			);
			buildRules = (
			);
			dependencies = (
			);
			name = "RudolstadtForiOS (iOS)";
			packageProductDependencies = (
				35CF4849285B7E4E00D13B6F /* SDWebImageSwiftUI */,
				351316C72B800D0700B87F74 /* ImageViewer */,
				351316C92B800D0700B87F74 /* ImageViewerRemote */,
			);
			productName = "RudolstadtForiOS (iOS)";
			productReference = 3551CC4828043624004F9471 /* Rudolstadt.app */;
			productType = "com.apple.product-type.application";
		};
		3551CC4D28043624004F9471 /* RudolstadtForiOS (macOS) */ = {
			isa = PBXNativeTarget;
			buildConfigurationList = 3551CC7428043624004F9471 /* Build configuration list for PBXNativeTarget "RudolstadtForiOS (macOS)" */;
			buildPhases = (
				3551CC4A28043624004F9471 /* Sources */,
				3551CC4B28043624004F9471 /* Frameworks */,
				3551CC4C28043624004F9471 /* Resources */,
			);
			buildRules = (
			);
			dependencies = (
			);
			name = "RudolstadtForiOS (macOS)";
			packageProductDependencies = (
				351316CB2B800D1F00B87F74 /* ImageViewer */,
				351316CD2B800D1F00B87F74 /* ImageViewerRemote */,
			);
			productName = "RudolstadtForiOS (macOS)";
			productReference = 3551CC4E28043624004F9471 /* RudolstadtForiOS.app */;
			productType = "com.apple.product-type.application";
		};
		3551CC5428043624004F9471 /* Tests iOS */ = {
			isa = PBXNativeTarget;
			buildConfigurationList = 3551CC7728043624004F9471 /* Build configuration list for PBXNativeTarget "Tests iOS" */;
			buildPhases = (
				3551CC5128043624004F9471 /* Sources */,
				3551CC5228043624004F9471 /* Frameworks */,
				3551CC5328043624004F9471 /* Resources */,
			);
			buildRules = (
			);
			dependencies = (
				3551CC5728043624004F9471 /* PBXTargetDependency */,
			);
			name = "Tests iOS";
			productName = "Tests iOS";
			productReference = 3551CC5528043624004F9471 /* Tests iOS.xctest */;
			productType = "com.apple.product-type.bundle.ui-testing";
		};
		3551CC6028043624004F9471 /* Tests macOS */ = {
			isa = PBXNativeTarget;
			buildConfigurationList = 3551CC7A28043624004F9471 /* Build configuration list for PBXNativeTarget "Tests macOS" */;
			buildPhases = (
				3551CC5D28043624004F9471 /* Sources */,
				3551CC5E28043624004F9471 /* Frameworks */,
				3551CC5F28043624004F9471 /* Resources */,
			);
			buildRules = (
			);
			dependencies = (
				3551CC6328043624004F9471 /* PBXTargetDependency */,
			);
			name = "Tests macOS";
			productName = "Tests macOS";
			productReference = 3551CC6128043624004F9471 /* Tests macOS.xctest */;
			productType = "com.apple.product-type.bundle.ui-testing";
		};
/* End PBXNativeTarget section */

/* Begin PBXProject section */
		3551CC3C28043622004F9471 /* Project object */ = {
			isa = PBXProject;
			attributes = {
				BuildIndependentTargetsInParallel = 1;
				LastSwiftUpdateCheck = 1330;
				LastUpgradeCheck = 1430;
				TargetAttributes = {
					3551CC4728043624004F9471 = {
						CreatedOnToolsVersion = 13.3;
					};
					3551CC4D28043624004F9471 = {
						CreatedOnToolsVersion = 13.3;
					};
					3551CC5428043624004F9471 = {
						CreatedOnToolsVersion = 13.3;
						TestTargetID = 3551CC4728043624004F9471;
					};
					3551CC6028043624004F9471 = {
						CreatedOnToolsVersion = 13.3;
						TestTargetID = 3551CC4D28043624004F9471;
					};
				};
			};
			buildConfigurationList = 3551CC3F28043622004F9471 /* Build configuration list for PBXProject "RudolstadtForiOS" */;
			compatibilityVersion = "Xcode 13.0";
			developmentRegion = en;
			hasScannedForEncodings = 0;
			knownRegions = (
				en,
				Base,
				de,
			);
			mainGroup = 3551CC3B28043622004F9471;
			packageReferences = (
				35CF4848285B7E4E00D13B6F /* XCRemoteSwiftPackageReference "SDWebImageSwiftUI" */,
				351316C62B800C6E00B87F74 /* XCRemoteSwiftPackageReference "swiftui-image-viewer" */,
			);
			productRefGroup = 3551CC4928043624004F9471 /* Products */;
			projectDirPath = "";
			projectRoot = "";
			targets = (
				3551CC4728043624004F9471 /* RudolstadtForiOS (iOS) */,
				3551CC4D28043624004F9471 /* RudolstadtForiOS (macOS) */,
				3551CC5428043624004F9471 /* Tests iOS */,
				3551CC6028043624004F9471 /* Tests macOS */,
			);
		};
/* End PBXProject section */

/* Begin PBXResourcesBuildPhase section */
		3551CC4628043624004F9471 /* Resources */ = {
			isa = PBXResourcesBuildPhase;
			buildActionMask = 2147483647;
			files = (
				35D0A4892A07372A004C506D /* Colors.xcassets in Resources */,
				3551CC6D28043624004F9471 /* Assets.xcassets in Resources */,
				35CF484D285B830600D13B6F /* InfoPlist.strings in Resources */,
				32A11ACDDD0BA72386A7E319 /* Localizable.strings in Resources */,
				32A115480EF0AF9794B76632 /* Localizable.strings in Resources */,
			);
			runOnlyForDeploymentPostprocessing = 0;
		};
		3551CC4C28043624004F9471 /* Resources */ = {
			isa = PBXResourcesBuildPhase;
			buildActionMask = 2147483647;
			files = (
				3551CC6E28043624004F9471 /* Assets.xcassets in Resources */,
				35D0A48A2A07372A004C506D /* Colors.xcassets in Resources */,
				32A11008167D61F884FC47D3 /* Localizable.strings in Resources */,
				32A11235CEB1CB61653B3149 /* Localizable.strings in Resources */,
			);
			runOnlyForDeploymentPostprocessing = 0;
		};
		3551CC5328043624004F9471 /* Resources */ = {
			isa = PBXResourcesBuildPhase;
			buildActionMask = 2147483647;
			files = (
			);
			runOnlyForDeploymentPostprocessing = 0;
		};
		3551CC5F28043624004F9471 /* Resources */ = {
			isa = PBXResourcesBuildPhase;
			buildActionMask = 2147483647;
			files = (
			);
			runOnlyForDeploymentPostprocessing = 0;
		};
/* End PBXResourcesBuildPhase section */

/* Begin PBXSourcesBuildPhase section */
		3551CC4428043624004F9471 /* Sources */ = {
			isa = PBXSourcesBuildPhase;
			buildActionMask = 2147483647;
			files = (
				3551CC6B28043624004F9471 /* ContentView.swift in Sources */,
				3551CC8128043DA2004F9471 /* DataModel.swift in Sources */,
				3551CC8428043E8D004F9471 /* DataStore.swift in Sources */,
				3551CC6928043624004F9471 /* RudolstadtForiOSApp.swift in Sources */,
				350573402855D45B008932A9 /* NextView.swift in Sources */,
				32A11D09A42D86B69106B718 /* NewsItemDetailView.swift in Sources */,
				3505732828549B81008932A9 /* WebView.swift in Sources */,
				32A11F2390384051C89FAB56 /* NewsItemCell.swift in Sources */,
				32A118717C7FB0F1F9082736 /* NewsListView.swift in Sources */,
				32A11BA62FC30F92BA9668FA /* UserSettings.swift in Sources */,
				32A11D471C05E7D81DC6B78D /* ArtistImageView.swift in Sources */,
				32A11C4891712FA79641C202 /* StageDetailView.swift in Sources */,
				35028CC42805BEA6004F0E3F /* HelperTypes.swift in Sources */,
				3568C7B029FB59AC00A7AA7D /* TableProgramCell.swift in Sources */,
				32A1199EB080E7865A284792 /* StageMapView.swift in Sources */,
				32A116A1195BBB5DB20404C1 /* RatingSymbol.swift in Sources */,
				32A1116B6BA8D17499860263 /* SaveEventButton.swift in Sources */,
				32A118A07CA6F813F4380570 /* Util.swift in Sources */,
				32A11EF0FC00667B09CA5D0A /* StageEventCell.swift in Sources */,
				3505732528547CE0008932A9 /* ParkAndRideView.swift in Sources */,
				32A116CE36970F9B88DC2055 /* ProgramView.swift in Sources */,
				3505732E2854A794008932A9 /* GeneralView.swift in Sources */,
				32A113D5D8EE2EBA383BC6EA /* ProgramItemText.swift in Sources */,
				35D0A4922A0754CE004C506D /* StagePreview.swift in Sources */,
				32A11AF99C04FACE809D32A0 /* ArtistTypeFilterView.swift in Sources */,
				32A1162709A0F6212A6C84D7 /* TimeProgramView.swift in Sources */,
				32A118F15EE900F7D1D916E5 /* ArtistRatingSymbol.swift in Sources */,
				32A11A2277ABC1B74840F05C /* TimeProgramEventCell.swift in Sources */,
				32A11EE152A9E52253F8A2D3 /* StageProgramView.swift in Sources */,
				32A119A48263FCE5D5B77FE0 /* SavedArtistEventCell.swift in Sources */,
				32A11561A68DE3A255681965 /* LocationListView.swift in Sources */,
				32A1135BAD899B0CF291CD6D /* StageProgramEventCell.swift in Sources */,
				32A1167A2316AC01B157FD8E /* ScheduleView.swift in Sources */,
				32A116BE192EE63EA4089774 /* ScheduleGenerator2.swift in Sources */,
				3568726629C0239300520EC5 /* ScrollableProgramView.swift in Sources */,
				350573472857F312008932A9 /* MapView.swift in Sources */,
				32A114D5C53D71E50A745B7C /* ScheduleEventCell.swift in Sources */,
				35D0A48F2A07504C004C506D /* SaveEventPreview.swift in Sources */,
				3505733A2855B2C3008932A9 /* ContextCopyButton.swift in Sources */,
				3568C7AD29F968DE00A7AA7D /* RecommendationScheduleViewContent.swift in Sources */,
				350573372854FA4C008932A9 /* EventSavedIcon.swift in Sources */,
				32A116961BFEAF82D52B6574 /* MoreView.swift in Sources */,
				32A116DBBEBAB380329768B0 /* ArtistListView.swift in Sources */,
				35D0A48C2A073AFF004C506D /* ColorExtensions.swift in Sources */,
				32A115A10E8AE4441C178095 /* ArtistCell.swift in Sources */,
				3505732B28549BF8008932A9 /* BusView.swift in Sources */,
				3505733D2855BAF1008932A9 /* ProgramEntry.swift in Sources */,
				32A1167A2BFBD49E2160B672 /* ArtistDetailView.swift in Sources */,
				32A11E6DA66C383089064DD4 /* ArtistEventCell.swift in Sources */,
				32A11F0F0EA9274C1B81D700 /* SavedArtistProgramView.swift in Sources */,
				32A11972C4FB13538E57CF7C /* SavedArtistOverview.swift in Sources */,
				32A11FE0801D8775F4F7E55D /* SavedArtistListView.swift in Sources */,
				32A11C422B2F012460218204 /* RecommendationScheduleView.swift in Sources */,
				350573342854F73C008932A9 /* AboutView.swift in Sources */,
				350573312854F59B008932A9 /* FAQView.swift in Sources */,
				32A111E0096A7F39D7ECB1AF /* StageCell.swift in Sources */,
				350573452857E9BE008932A9 /* MapOverview.swift in Sources */,
				32A11A3783E29222781B3C80 /* SearchView.swift in Sources */,
				32A11E3C9F5A90975595BE0E /* SearchEventCell.swift in Sources */,
				32A1124D763E48A6BCCDDA79 /* LoadingListView.swift in Sources */,
				32A115136B1411327F87FCFF /* DataLoader.swift in Sources */,
				32A11B9A32216878027CEFAD /* DataUpdater.swift in Sources */,
				3568C7AA29F93B6700A7AA7D /* ScrollableProgramViewContent.swift in Sources */,
				32A11D40C4020FBB887E8FBD /* ImageUrlUtil.swift in Sources */,
				32A111B567F87F1627C561FF /* StageNumber.swift in Sources */,
			);
			runOnlyForDeploymentPostprocessing = 0;
		};
		3551CC4A28043624004F9471 /* Sources */ = {
			isa = PBXSourcesBuildPhase;
			buildActionMask = 2147483647;
			files = (
				35D0A4902A07504C004C506D /* SaveEventPreview.swift in Sources */,
				3551CC6C28043624004F9471 /* ContentView.swift in Sources */,
				3505732628547CE0008932A9 /* ParkAndRideView.swift in Sources */,
				3551CC6A28043624004F9471 /* RudolstadtForiOSApp.swift in Sources */,
				32A11EB5EC53FC5A4C48B3D8 /* NewsItemDetailView.swift in Sources */,
				350573352854F73C008932A9 /* AboutView.swift in Sources */,
				32A1128745664A1934AD6E63 /* NewsItemCell.swift in Sources */,
				32A11DF1A47E2B6156D38E77 /* NewsListView.swift in Sources */,
				3505732F2854A794008932A9 /* GeneralView.swift in Sources */,
				32A112281C396A44DF12BBB1 /* UserSettings.swift in Sources */,
				32A11109B3E2EF29D23B96E8 /* ArtistImageView.swift in Sources */,
				32A11E9B874719DD76F77CD0 /* StageDetailView.swift in Sources */,
				32A1176978B8CDBD08C500CF /* StageMapView.swift in Sources */,
				32A112B24A555BB9F43659A1 /* RatingSymbol.swift in Sources */,
				32A1190D2BC1583EA5BCD4F4 /* SaveEventButton.swift in Sources */,
				32A111D06B3F187ED5308393 /* Util.swift in Sources */,
				3505733B2855B2C3008932A9 /* ContextCopyButton.swift in Sources */,
				32A1173EE6141DB87056E57E /* StageEventCell.swift in Sources */,
				35D0A4932A0754CE004C506D /* StagePreview.swift in Sources */,
				32A1154AA5EEABD041A176C7 /* ProgramView.swift in Sources */,
				350573382854FA4C008932A9 /* EventSavedIcon.swift in Sources */,
				32A1180E9DB81C4FE3A98D86 /* ProgramItemText.swift in Sources */,
				32A11AFF963551622C6A48B9 /* ArtistTypeFilterView.swift in Sources */,
				32A1179C06896C80A8873E41 /* TimeProgramView.swift in Sources */,
				32A116285B893A6CED1CAB9D /* ArtistRatingSymbol.swift in Sources */,
				32A1138E193F6CB4137516BE /* TimeProgramEventCell.swift in Sources */,
				32A117A7C3A3672735519404 /* StageProgramView.swift in Sources */,
				3505732C28549BF8008932A9 /* BusView.swift in Sources */,
				32A11735ED66446817C485FB /* SavedArtistEventCell.swift in Sources */,
				32A111D43D702F38C6382630 /* LocationListView.swift in Sources */,
				32A11CAA37CE0922C9F393D7 /* StageProgramEventCell.swift in Sources */,
				32A112A1CF3EDC6BC9BECDE4 /* ScheduleView.swift in Sources */,
				32A119B72F0FE2BE1FCF50FB /* ScheduleGenerator2.swift in Sources */,
				3568C7AB29F93B6700A7AA7D /* ScrollableProgramViewContent.swift in Sources */,
				32A110C0A5FA7EA77076DEA5 /* ScheduleEventCell.swift in Sources */,
				3568C7B129FB59AC00A7AA7D /* TableProgramCell.swift in Sources */,
				32A11F1703B29A8DBE6E672B /* MoreView.swift in Sources */,
				32A112BC323E026BE8507F8E /* ArtistListView.swift in Sources */,
				32A1111CA4E03E0903D86E29 /* ArtistCell.swift in Sources */,
				32A116A708F55334C83246C6 /* ArtistDetailView.swift in Sources */,
				35D0A48D2A073AFF004C506D /* ColorExtensions.swift in Sources */,
				32A115A10353E19E13E5F510 /* ArtistEventCell.swift in Sources */,
				32A11996DE25FE370DEA062A /* SavedArtistProgramView.swift in Sources */,
				32A11020A4D401D0A4CCEEA8 /* SavedArtistOverview.swift in Sources */,
				3505733E2855BAF1008932A9 /* ProgramEntry.swift in Sources */,
				3568726729C0239300520EC5 /* ScrollableProgramView.swift in Sources */,
				32A11D329BA4FD3EA5C0EEFE /* SavedArtistListView.swift in Sources */,
				3505732928549B81008932A9 /* WebView.swift in Sources */,
				350573412855D45B008932A9 /* NextView.swift in Sources */,
				32A11A5EB7B117FBF994E013 /* RecommendationScheduleView.swift in Sources */,
				32A11E0F267218268A064263 /* StageCell.swift in Sources */,
				32A112012E7A4F3618FABCD5 /* SearchView.swift in Sources */,
				32A118F591BEFA94561F779F /* SearchEventCell.swift in Sources */,
				3568C7AE29F968DE00A7AA7D /* RecommendationScheduleViewContent.swift in Sources */,
				32A114CF01BEBF851BA275B6 /* LoadingListView.swift in Sources */,
				350573322854F59B008932A9 /* FAQView.swift in Sources */,
				32A11F71D8849BEB960E410C /* DataLoader.swift in Sources */,
				32A11F5F8F264F1EAB5EE07E /* ImageUrlUtil.swift in Sources */,
				32A11BFC2B1C136F583BFE9E /* StageNumber.swift in Sources */,
			);
			runOnlyForDeploymentPostprocessing = 0;
		};
		3551CC5128043624004F9471 /* Sources */ = {
			isa = PBXSourcesBuildPhase;
			buildActionMask = 2147483647;
			files = (
				3551CC5C28043624004F9471 /* Tests_iOSLaunchTests.swift in Sources */,
				3551CC5A28043624004F9471 /* Tests_iOS.swift in Sources */,
			);
			runOnlyForDeploymentPostprocessing = 0;
		};
		3551CC5D28043624004F9471 /* Sources */ = {
			isa = PBXSourcesBuildPhase;
			buildActionMask = 2147483647;
			files = (
				3551CC6828043624004F9471 /* Tests_macOSLaunchTests.swift in Sources */,
				3551CC6628043624004F9471 /* Tests_macOS.swift in Sources */,
			);
			runOnlyForDeploymentPostprocessing = 0;
		};
/* End PBXSourcesBuildPhase section */

/* Begin PBXTargetDependency section */
		3551CC5728043624004F9471 /* PBXTargetDependency */ = {
			isa = PBXTargetDependency;
			target = 3551CC4728043624004F9471 /* RudolstadtForiOS (iOS) */;
			targetProxy = 3551CC5628043624004F9471 /* PBXContainerItemProxy */;
		};
		3551CC6328043624004F9471 /* PBXTargetDependency */ = {
			isa = PBXTargetDependency;
			target = 3551CC4D28043624004F9471 /* RudolstadtForiOS (macOS) */;
			targetProxy = 3551CC6228043624004F9471 /* PBXContainerItemProxy */;
		};
/* End PBXTargetDependency section */

/* Begin PBXVariantGroup section */
		32A112FBB6E762F9793E8E60 /* Localizable.strings */ = {
			isa = PBXVariantGroup;
			children = (
				32A11EABBF8225BA956E300E /* en */,
			);
			name = Localizable.strings;
			sourceTree = "<group>";
		};
		32A113DC3088B0ED88072ADF /* Localizable.strings */ = {
			isa = PBXVariantGroup;
			children = (
				32A11925147B0DC31E33C3E6 /* de */,
			);
			name = Localizable.strings;
			sourceTree = "<group>";
		};
		35CF484B285B830600D13B6F /* InfoPlist.strings */ = {
			isa = PBXVariantGroup;
			children = (
				35CF484C285B830600D13B6F /* en */,
			);
			name = InfoPlist.strings;
			sourceTree = "<group>";
		};
		35CF484E285B837800D13B6F /* InfoPlist.strings */ = {
			isa = PBXVariantGroup;
			children = (
				35CF484F285B837800D13B6F /* de */,
			);
			name = InfoPlist.strings;
			sourceTree = "<group>";
		};
/* End PBXVariantGroup section */

/* Begin XCBuildConfiguration section */
		3551CC6F28043624004F9471 /* Debug */ = {
			isa = XCBuildConfiguration;
			buildSettings = {
				ALWAYS_SEARCH_USER_PATHS = NO;
				CLANG_ANALYZER_LOCALIZABILITY_NONLOCALIZED = YES;
				CLANG_ANALYZER_NONNULL = YES;
				CLANG_ANALYZER_NUMBER_OBJECT_CONVERSION = YES_AGGRESSIVE;
				CLANG_CXX_LANGUAGE_STANDARD = "gnu++17";
				CLANG_ENABLE_MODULES = YES;
				CLANG_ENABLE_OBJC_ARC = YES;
				CLANG_ENABLE_OBJC_WEAK = YES;
				CLANG_WARN_BLOCK_CAPTURE_AUTORELEASING = YES;
				CLANG_WARN_BOOL_CONVERSION = YES;
				CLANG_WARN_COMMA = YES;
				CLANG_WARN_CONSTANT_CONVERSION = YES;
				CLANG_WARN_DEPRECATED_OBJC_IMPLEMENTATIONS = YES;
				CLANG_WARN_DIRECT_OBJC_ISA_USAGE = YES_ERROR;
				CLANG_WARN_DOCUMENTATION_COMMENTS = YES;
				CLANG_WARN_EMPTY_BODY = YES;
				CLANG_WARN_ENUM_CONVERSION = YES;
				CLANG_WARN_INFINITE_RECURSION = YES;
				CLANG_WARN_INT_CONVERSION = YES;
				CLANG_WARN_NON_LITERAL_NULL_CONVERSION = YES;
				CLANG_WARN_OBJC_IMPLICIT_RETAIN_SELF = YES;
				CLANG_WARN_OBJC_LITERAL_CONVERSION = YES;
				CLANG_WARN_OBJC_ROOT_CLASS = YES_ERROR;
				CLANG_WARN_QUOTED_INCLUDE_IN_FRAMEWORK_HEADER = YES;
				CLANG_WARN_RANGE_LOOP_ANALYSIS = YES;
				CLANG_WARN_STRICT_PROTOTYPES = YES;
				CLANG_WARN_SUSPICIOUS_MOVE = YES;
				CLANG_WARN_UNGUARDED_AVAILABILITY = YES_AGGRESSIVE;
				CLANG_WARN_UNREACHABLE_CODE = YES;
				CLANG_WARN__DUPLICATE_METHOD_MATCH = YES;
				COPY_PHASE_STRIP = NO;
				DEAD_CODE_STRIPPING = YES;
				DEBUG_INFORMATION_FORMAT = dwarf;
				ENABLE_STRICT_OBJC_MSGSEND = YES;
				ENABLE_TESTABILITY = YES;
				GCC_C_LANGUAGE_STANDARD = gnu11;
				GCC_DYNAMIC_NO_PIC = NO;
				GCC_NO_COMMON_BLOCKS = YES;
				GCC_OPTIMIZATION_LEVEL = 0;
				GCC_PREPROCESSOR_DEFINITIONS = (
					"DEBUG=1",
					"$(inherited)",
				);
				GCC_WARN_64_TO_32_BIT_CONVERSION = YES;
				GCC_WARN_ABOUT_RETURN_TYPE = YES_ERROR;
				GCC_WARN_UNDECLARED_SELECTOR = YES;
				GCC_WARN_UNINITIALIZED_AUTOS = YES_AGGRESSIVE;
				GCC_WARN_UNUSED_FUNCTION = YES;
				GCC_WARN_UNUSED_VARIABLE = YES;
				MTL_ENABLE_DEBUG_INFO = INCLUDE_SOURCE;
				MTL_FAST_MATH = YES;
				ONLY_ACTIVE_ARCH = YES;
				SWIFT_ACTIVE_COMPILATION_CONDITIONS = DEBUG;
				SWIFT_OPTIMIZATION_LEVEL = "-Onone";
			};
			name = Debug;
		};
		3551CC7028043624004F9471 /* Release */ = {
			isa = XCBuildConfiguration;
			buildSettings = {
				ALWAYS_SEARCH_USER_PATHS = NO;
				CLANG_ANALYZER_LOCALIZABILITY_NONLOCALIZED = YES;
				CLANG_ANALYZER_NONNULL = YES;
				CLANG_ANALYZER_NUMBER_OBJECT_CONVERSION = YES_AGGRESSIVE;
				CLANG_CXX_LANGUAGE_STANDARD = "gnu++17";
				CLANG_ENABLE_MODULES = YES;
				CLANG_ENABLE_OBJC_ARC = YES;
				CLANG_ENABLE_OBJC_WEAK = YES;
				CLANG_WARN_BLOCK_CAPTURE_AUTORELEASING = YES;
				CLANG_WARN_BOOL_CONVERSION = YES;
				CLANG_WARN_COMMA = YES;
				CLANG_WARN_CONSTANT_CONVERSION = YES;
				CLANG_WARN_DEPRECATED_OBJC_IMPLEMENTATIONS = YES;
				CLANG_WARN_DIRECT_OBJC_ISA_USAGE = YES_ERROR;
				CLANG_WARN_DOCUMENTATION_COMMENTS = YES;
				CLANG_WARN_EMPTY_BODY = YES;
				CLANG_WARN_ENUM_CONVERSION = YES;
				CLANG_WARN_INFINITE_RECURSION = YES;
				CLANG_WARN_INT_CONVERSION = YES;
				CLANG_WARN_NON_LITERAL_NULL_CONVERSION = YES;
				CLANG_WARN_OBJC_IMPLICIT_RETAIN_SELF = YES;
				CLANG_WARN_OBJC_LITERAL_CONVERSION = YES;
				CLANG_WARN_OBJC_ROOT_CLASS = YES_ERROR;
				CLANG_WARN_QUOTED_INCLUDE_IN_FRAMEWORK_HEADER = YES;
				CLANG_WARN_RANGE_LOOP_ANALYSIS = YES;
				CLANG_WARN_STRICT_PROTOTYPES = YES;
				CLANG_WARN_SUSPICIOUS_MOVE = YES;
				CLANG_WARN_UNGUARDED_AVAILABILITY = YES_AGGRESSIVE;
				CLANG_WARN_UNREACHABLE_CODE = YES;
				CLANG_WARN__DUPLICATE_METHOD_MATCH = YES;
				COPY_PHASE_STRIP = NO;
				DEAD_CODE_STRIPPING = YES;
				DEBUG_INFORMATION_FORMAT = "dwarf-with-dsym";
				ENABLE_NS_ASSERTIONS = NO;
				ENABLE_STRICT_OBJC_MSGSEND = YES;
				GCC_C_LANGUAGE_STANDARD = gnu11;
				GCC_NO_COMMON_BLOCKS = YES;
				GCC_WARN_64_TO_32_BIT_CONVERSION = YES;
				GCC_WARN_ABOUT_RETURN_TYPE = YES_ERROR;
				GCC_WARN_UNDECLARED_SELECTOR = YES;
				GCC_WARN_UNINITIALIZED_AUTOS = YES_AGGRESSIVE;
				GCC_WARN_UNUSED_FUNCTION = YES;
				GCC_WARN_UNUSED_VARIABLE = YES;
				MTL_ENABLE_DEBUG_INFO = NO;
				MTL_FAST_MATH = YES;
				SWIFT_COMPILATION_MODE = wholemodule;
				SWIFT_OPTIMIZATION_LEVEL = "-O";
			};
			name = Release;
		};
		3551CC7228043624004F9471 /* Debug */ = {
			isa = XCBuildConfiguration;
			buildSettings = {
				ASSETCATALOG_COMPILER_APPICON_NAME = AppIcon;
				ASSETCATALOG_COMPILER_GLOBAL_ACCENT_COLOR_NAME = AccentColor;
				CODE_SIGN_IDENTITY = "Apple Development";
				CODE_SIGN_STYLE = Automatic;
				CURRENT_PROJECT_VERSION = 1;
				DEVELOPMENT_TEAM = RJYK9W2A39;
				ENABLE_PREVIEWS = YES;
				GENERATE_INFOPLIST_FILE = YES;
				INFOPLIST_FILE = "RudolstadtForiOS--iOS--Info.plist";
				INFOPLIST_KEY_CFBundleDisplayName = Rudolstadt;
				INFOPLIST_KEY_LSApplicationCategoryType = "";
				INFOPLIST_KEY_NSLocationWhenInUseUsageDescription = "Turning on location services allows the app to show your position alongside all event locations on the map.";
				INFOPLIST_KEY_UIApplicationSupportsIndirectInputEvents = YES;
				INFOPLIST_KEY_UILaunchScreen_Generation = YES;
				INFOPLIST_KEY_UISupportedInterfaceOrientations = "UIInterfaceOrientationPortrait UIInterfaceOrientationLandscapeLeft UIInterfaceOrientationLandscapeRight";
				INFOPLIST_KEY_UISupportedInterfaceOrientations_iPad = "UIInterfaceOrientationPortrait UIInterfaceOrientationPortraitUpsideDown UIInterfaceOrientationLandscapeLeft UIInterfaceOrientationLandscapeRight";
				INFOPLIST_KEY_UISupportedInterfaceOrientations_iPhone = "UIInterfaceOrientationPortrait UIInterfaceOrientationLandscapeLeft UIInterfaceOrientationLandscapeRight";
				IPHONEOS_DEPLOYMENT_TARGET = 15.0;
				LD_RUNPATH_SEARCH_PATHS = (
					"$(inherited)",
					"@executable_path/Frameworks",
				);
				MARKETING_VERSION = 2.2;
				PRODUCT_BUNDLE_IDENTIFIER = de.leongeorgi.RudolstadtForiOS;
				PRODUCT_NAME = Rudolstadt;
				PROVISIONING_PROFILE_SPECIFIER = "";
				SDKROOT = iphoneos;
				SWIFT_EMIT_LOC_STRINGS = YES;
				SWIFT_VERSION = 5.0;
				TARGETED_DEVICE_FAMILY = "1,2";
			};
			name = Debug;
		};
		3551CC7328043624004F9471 /* Release */ = {
			isa = XCBuildConfiguration;
			buildSettings = {
				ASSETCATALOG_COMPILER_APPICON_NAME = AppIcon;
				ASSETCATALOG_COMPILER_GLOBAL_ACCENT_COLOR_NAME = AccentColor;
				CODE_SIGN_IDENTITY = "Apple Development";
				CODE_SIGN_STYLE = Automatic;
				CURRENT_PROJECT_VERSION = 1;
				DEVELOPMENT_TEAM = RJYK9W2A39;
				ENABLE_PREVIEWS = YES;
				ENABLE_TESTABILITY = YES;
				GCC_OPTIMIZATION_LEVEL = 0;
				GENERATE_INFOPLIST_FILE = YES;
				INFOPLIST_FILE = "RudolstadtForiOS--iOS--Info.plist";
				INFOPLIST_KEY_CFBundleDisplayName = Rudolstadt;
				INFOPLIST_KEY_LSApplicationCategoryType = "";
				INFOPLIST_KEY_NSLocationWhenInUseUsageDescription = "Turning on location services allows the app to show your position alongside all event locations on the map.";
				INFOPLIST_KEY_UIApplicationSupportsIndirectInputEvents = YES;
				INFOPLIST_KEY_UILaunchScreen_Generation = YES;
				INFOPLIST_KEY_UISupportedInterfaceOrientations = "UIInterfaceOrientationPortrait UIInterfaceOrientationLandscapeLeft UIInterfaceOrientationLandscapeRight";
				INFOPLIST_KEY_UISupportedInterfaceOrientations_iPad = "UIInterfaceOrientationPortrait UIInterfaceOrientationPortraitUpsideDown UIInterfaceOrientationLandscapeLeft UIInterfaceOrientationLandscapeRight";
				INFOPLIST_KEY_UISupportedInterfaceOrientations_iPhone = "UIInterfaceOrientationPortrait UIInterfaceOrientationLandscapeLeft UIInterfaceOrientationLandscapeRight";
				IPHONEOS_DEPLOYMENT_TARGET = 15.0;
				LD_RUNPATH_SEARCH_PATHS = (
					"$(inherited)",
					"@executable_path/Frameworks",
				);
				MARKETING_VERSION = 2.2;
				PRODUCT_BUNDLE_IDENTIFIER = de.leongeorgi.RudolstadtForiOS;
				PRODUCT_NAME = Rudolstadt;
				PROVISIONING_PROFILE_SPECIFIER = "";
				SDKROOT = iphoneos;
				SWIFT_EMIT_LOC_STRINGS = YES;
				SWIFT_OPTIMIZATION_LEVEL = "-Onone";
				SWIFT_VERSION = 5.0;
				TARGETED_DEVICE_FAMILY = "1,2";
				VALIDATE_PRODUCT = YES;
			};
			name = Release;
		};
		3551CC7528043624004F9471 /* Debug */ = {
			isa = XCBuildConfiguration;
			buildSettings = {
				ASSETCATALOG_COMPILER_APPICON_NAME = AppIcon;
				ASSETCATALOG_COMPILER_GLOBAL_ACCENT_COLOR_NAME = AccentColor;
				CODE_SIGN_ENTITLEMENTS = macOS/macOS.entitlements;
				CODE_SIGN_STYLE = Automatic;
				COMBINE_HIDPI_IMAGES = YES;
				CURRENT_PROJECT_VERSION = 1;
				DEAD_CODE_STRIPPING = YES;
				DEVELOPMENT_TEAM = RJYK9W2A39;
				ENABLE_HARDENED_RUNTIME = YES;
				ENABLE_PREVIEWS = YES;
				GENERATE_INFOPLIST_FILE = YES;
				INFOPLIST_KEY_NSHumanReadableCopyright = "";
				LD_RUNPATH_SEARCH_PATHS = (
					"$(inherited)",
					"@executable_path/../Frameworks",
				);
				MACOSX_DEPLOYMENT_TARGET = 12.2;
				MARKETING_VERSION = 1.0;
				PRODUCT_BUNDLE_IDENTIFIER = de.leongeorgi.RudolstadtForiOS;
				PRODUCT_NAME = RudolstadtForiOS;
				SDKROOT = macosx;
				SWIFT_EMIT_LOC_STRINGS = YES;
				SWIFT_VERSION = 5.0;
			};
			name = Debug;
		};
		3551CC7628043624004F9471 /* Release */ = {
			isa = XCBuildConfiguration;
			buildSettings = {
				ASSETCATALOG_COMPILER_APPICON_NAME = AppIcon;
				ASSETCATALOG_COMPILER_GLOBAL_ACCENT_COLOR_NAME = AccentColor;
				CODE_SIGN_ENTITLEMENTS = macOS/macOS.entitlements;
				CODE_SIGN_STYLE = Automatic;
				COMBINE_HIDPI_IMAGES = YES;
				CURRENT_PROJECT_VERSION = 1;
				DEAD_CODE_STRIPPING = YES;
				DEVELOPMENT_TEAM = RJYK9W2A39;
				ENABLE_HARDENED_RUNTIME = YES;
				ENABLE_PREVIEWS = YES;
				GENERATE_INFOPLIST_FILE = YES;
				INFOPLIST_KEY_NSHumanReadableCopyright = "";
				LD_RUNPATH_SEARCH_PATHS = (
					"$(inherited)",
					"@executable_path/../Frameworks",
				);
				MACOSX_DEPLOYMENT_TARGET = 12.2;
				MARKETING_VERSION = 1.0;
				PRODUCT_BUNDLE_IDENTIFIER = de.leongeorgi.RudolstadtForiOS;
				PRODUCT_NAME = RudolstadtForiOS;
				SDKROOT = macosx;
				SWIFT_EMIT_LOC_STRINGS = YES;
				SWIFT_VERSION = 5.0;
			};
			name = Release;
		};
		3551CC7828043624004F9471 /* Debug */ = {
			isa = XCBuildConfiguration;
			buildSettings = {
				ALWAYS_EMBED_SWIFT_STANDARD_LIBRARIES = YES;
				CODE_SIGN_STYLE = Automatic;
				CURRENT_PROJECT_VERSION = 1;
				DEVELOPMENT_TEAM = RJYK9W2A39;
				GENERATE_INFOPLIST_FILE = YES;
				IPHONEOS_DEPLOYMENT_TARGET = 15.4;
				MARKETING_VERSION = 1.0;
				PRODUCT_BUNDLE_IDENTIFIER = "de.leongeorgi.Tests-iOS";
				PRODUCT_NAME = "$(TARGET_NAME)";
				SDKROOT = iphoneos;
				SWIFT_EMIT_LOC_STRINGS = NO;
				SWIFT_VERSION = 5.0;
				TARGETED_DEVICE_FAMILY = "1,2";
				TEST_TARGET_NAME = "RudolstadtForiOS (iOS)";
			};
			name = Debug;
		};
		3551CC7928043624004F9471 /* Release */ = {
			isa = XCBuildConfiguration;
			buildSettings = {
				ALWAYS_EMBED_SWIFT_STANDARD_LIBRARIES = YES;
				CODE_SIGN_STYLE = Automatic;
				CURRENT_PROJECT_VERSION = 1;
				DEVELOPMENT_TEAM = RJYK9W2A39;
				GENERATE_INFOPLIST_FILE = YES;
				IPHONEOS_DEPLOYMENT_TARGET = 15.4;
				MARKETING_VERSION = 1.0;
				PRODUCT_BUNDLE_IDENTIFIER = "de.leongeorgi.Tests-iOS";
				PRODUCT_NAME = "$(TARGET_NAME)";
				SDKROOT = iphoneos;
				SWIFT_EMIT_LOC_STRINGS = NO;
				SWIFT_VERSION = 5.0;
				TARGETED_DEVICE_FAMILY = "1,2";
				TEST_TARGET_NAME = "RudolstadtForiOS (iOS)";
				VALIDATE_PRODUCT = YES;
			};
			name = Release;
		};
		3551CC7B28043624004F9471 /* Debug */ = {
			isa = XCBuildConfiguration;
			buildSettings = {
				ALWAYS_EMBED_SWIFT_STANDARD_LIBRARIES = YES;
				CODE_SIGN_STYLE = Automatic;
				CURRENT_PROJECT_VERSION = 1;
				DEAD_CODE_STRIPPING = YES;
				DEVELOPMENT_TEAM = RJYK9W2A39;
				GENERATE_INFOPLIST_FILE = YES;
				MACOSX_DEPLOYMENT_TARGET = 12.2;
				MARKETING_VERSION = 1.0;
				PRODUCT_BUNDLE_IDENTIFIER = "de.leongeorgi.Tests-macOS";
				PRODUCT_NAME = "$(TARGET_NAME)";
				SDKROOT = macosx;
				SWIFT_EMIT_LOC_STRINGS = NO;
				SWIFT_VERSION = 5.0;
				TEST_TARGET_NAME = "RudolstadtForiOS (macOS)";
			};
			name = Debug;
		};
		3551CC7C28043624004F9471 /* Release */ = {
			isa = XCBuildConfiguration;
			buildSettings = {
				ALWAYS_EMBED_SWIFT_STANDARD_LIBRARIES = YES;
				CODE_SIGN_STYLE = Automatic;
				CURRENT_PROJECT_VERSION = 1;
				DEAD_CODE_STRIPPING = YES;
				DEVELOPMENT_TEAM = RJYK9W2A39;
				GENERATE_INFOPLIST_FILE = YES;
				MACOSX_DEPLOYMENT_TARGET = 12.2;
				MARKETING_VERSION = 1.0;
				PRODUCT_BUNDLE_IDENTIFIER = "de.leongeorgi.Tests-macOS";
				PRODUCT_NAME = "$(TARGET_NAME)";
				SDKROOT = macosx;
				SWIFT_EMIT_LOC_STRINGS = NO;
				SWIFT_VERSION = 5.0;
				TEST_TARGET_NAME = "RudolstadtForiOS (macOS)";
			};
			name = Release;
		};
/* End XCBuildConfiguration section */

/* Begin XCConfigurationList section */
		3551CC3F28043622004F9471 /* Build configuration list for PBXProject "RudolstadtForiOS" */ = {
			isa = XCConfigurationList;
			buildConfigurations = (
				3551CC6F28043624004F9471 /* Debug */,
				3551CC7028043624004F9471 /* Release */,
			);
			defaultConfigurationIsVisible = 0;
			defaultConfigurationName = Release;
		};
		3551CC7128043624004F9471 /* Build configuration list for PBXNativeTarget "RudolstadtForiOS (iOS)" */ = {
			isa = XCConfigurationList;
			buildConfigurations = (
				3551CC7228043624004F9471 /* Debug */,
				3551CC7328043624004F9471 /* Release */,
			);
			defaultConfigurationIsVisible = 0;
			defaultConfigurationName = Release;
		};
		3551CC7428043624004F9471 /* Build configuration list for PBXNativeTarget "RudolstadtForiOS (macOS)" */ = {
			isa = XCConfigurationList;
			buildConfigurations = (
				3551CC7528043624004F9471 /* Debug */,
				3551CC7628043624004F9471 /* Release */,
			);
			defaultConfigurationIsVisible = 0;
			defaultConfigurationName = Release;
		};
		3551CC7728043624004F9471 /* Build configuration list for PBXNativeTarget "Tests iOS" */ = {
			isa = XCConfigurationList;
			buildConfigurations = (
				3551CC7828043624004F9471 /* Debug */,
				3551CC7928043624004F9471 /* Release */,
			);
			defaultConfigurationIsVisible = 0;
			defaultConfigurationName = Release;
		};
		3551CC7A28043624004F9471 /* Build configuration list for PBXNativeTarget "Tests macOS" */ = {
			isa = XCConfigurationList;
			buildConfigurations = (
				3551CC7B28043624004F9471 /* Debug */,
				3551CC7C28043624004F9471 /* Release */,
			);
			defaultConfigurationIsVisible = 0;
			defaultConfigurationName = Release;
		};
/* End XCConfigurationList section */

/* Begin XCRemoteSwiftPackageReference section */
		351316C62B800C6E00B87F74 /* XCRemoteSwiftPackageReference "swiftui-image-viewer" */ = {
			isa = XCRemoteSwiftPackageReference;
			repositoryURL = "https://github.com/Jake-Short/swiftui-image-viewer.git";
			requirement = {
				kind = upToNextMajorVersion;
				minimumVersion = 2.3.1;
			};
		};
		35CF4848285B7E4E00D13B6F /* XCRemoteSwiftPackageReference "SDWebImageSwiftUI" */ = {
			isa = XCRemoteSwiftPackageReference;
			repositoryURL = "https://github.com/SDWebImage/SDWebImageSwiftUI";
			requirement = {
				branch = master;
				kind = branch;
			};
		};
/* End XCRemoteSwiftPackageReference section */

/* Begin XCSwiftPackageProductDependency section */
		351316C72B800D0700B87F74 /* ImageViewer */ = {
			isa = XCSwiftPackageProductDependency;
			package = 351316C62B800C6E00B87F74 /* XCRemoteSwiftPackageReference "swiftui-image-viewer" */;
			productName = ImageViewer;
		};
		351316C92B800D0700B87F74 /* ImageViewerRemote */ = {
			isa = XCSwiftPackageProductDependency;
			package = 351316C62B800C6E00B87F74 /* XCRemoteSwiftPackageReference "swiftui-image-viewer" */;
			productName = ImageViewerRemote;
		};
		351316CB2B800D1F00B87F74 /* ImageViewer */ = {
			isa = XCSwiftPackageProductDependency;
			package = 351316C62B800C6E00B87F74 /* XCRemoteSwiftPackageReference "swiftui-image-viewer" */;
			productName = ImageViewer;
		};
		351316CD2B800D1F00B87F74 /* ImageViewerRemote */ = {
			isa = XCSwiftPackageProductDependency;
			package = 351316C62B800C6E00B87F74 /* XCRemoteSwiftPackageReference "swiftui-image-viewer" */;
			productName = ImageViewerRemote;
		};
		35CF4849285B7E4E00D13B6F /* SDWebImageSwiftUI */ = {
			isa = XCSwiftPackageProductDependency;
			package = 35CF4848285B7E4E00D13B6F /* XCRemoteSwiftPackageReference "SDWebImageSwiftUI" */;
			productName = SDWebImageSwiftUI;
		};
/* End XCSwiftPackageProductDependency section */
	};
	rootObject = 3551CC3C28043622004F9471 /* Project object */;
}
